{
    "_meta": {
        "hash": {
            "sha256": "696aee9c74f95da53095891e986d14971df353cb30f690a26329ba1ce0f0f978"
        },
        "pipfile-spec": 6,
        "requires": {
            "python_version": "3"
        },
        "sources": [
            {
                "name": "pypi",
                "url": "https://pypi.org/simple",
                "verify_ssl": true
            }
        ]
    },
    "default": {
        "dependency-injector": {
            "hashes": [
                "sha256:02d94ee634fc081807cf355468205d72ae0ab8d784adf64e442ad20cb82217f1",
                "sha256:05f87362d9aa35464d3fce78287715dd6e3f3d0a61e8bf9cfd730670f3c7c739",
                "sha256:0907a533567efc0f3106d7ff799f4e8d0bbdec5d7be8d3ff8d540270e81ae83d",
                "sha256:0d207f22cc1cfbfdca9d758cb0dc86caf49de7d36ad9b954f9a778e64dc0eaab",
                "sha256:0f8d1663c9f8f9bd0d264f13db8d34f67988c658f2415b2c8bc4294bb66cebc6",
                "sha256:18b567d1eb9b2ad0d943edaedadef5328c0af3f3d1a19f33538b80dcf046c7b0",
                "sha256:1d0c2f2c9d1e9a908a610595ab8e375dc130f4e92f28b66cf0e05abde43f4048",
                "sha256:1d27cc61f01b73bec625215113bab5e2d15bc868581cc4acaa2d43b975f2107c",
                "sha256:22a27da9acc0c2c445140cf61c39a7ad989903bf151a8a0769b6c9d4615b7e2c",
                "sha256:22f440da60959414d2ee75b77128d5b6dea23389560f84155188bd8d2ab13b01",
                "sha256:2c5358076ef0df4a94564e1d74424ea7e8ca777fd7ba949fdb8e5964ad06278f",
                "sha256:2dd60030b20fff23ccf071cc07214ca4e4b3eeb4a677975e802845dc40808689",
                "sha256:363f21d01d8af3919ed5562da970190d2d8a4bd7cea24e9319c4c4c458cc9fba",
                "sha256:3e93eb1ade4f5544f5ae8b0e9607b5fb0c6174c054462cea744c47f69bc9ee2f",
                "sha256:42c167f3b6bf745d3fdfbf53ac2755a0a2a97bc18821614921715b79708cb38d",
                "sha256:4319d7db5786605196f7488ee30a16bee4cf4d5c0531046329fa6bbdf8440cee",
                "sha256:43d5974be55f0a2a8c27e6360edc30e4cbc55794d013cb145e3a6b71f74743fc",
                "sha256:4cd86be8593637fb9e933e243c462a2980a5189773fff3b8f2ff09f98bc8d9f1",
                "sha256:4eadce3a5049af40555dcb746b95626d6bb8b3afaef5899bae6906fbf7091e98",
                "sha256:4f165f4040a4b6d2ebd177d445d5e77ce7909fd80f73b0465491b24033ab1fbd",
                "sha256:56cdb3f9e91d08285d267d6b2e3d4b17aef00935f2ebe73f099c748f785f2835",
                "sha256:5c4f4401572525246f6fab36a4bf5436be3ed2b8a3b2f8a84227de8f32db43c5",
                "sha256:5ee61cfe7b8487b09dc63abeaaed56001ce52c80647e1291cf2eeba55ec1095f",
                "sha256:5f9fcc35c455b6a6fc7100947cbeac47c48b8832c962d5abff8706424a6da9bc",
                "sha256:6163d91a4ca8c75e3fad4fefc8a9975868dc79939d4f9a691805cb46405e2050",
                "sha256:61aa77d56034b8d2cb08025d77d05bb2dba297320c56094dadd6c5bd092adb8f",
                "sha256:630f23b19a4be6b6caf6225dfeeb541b0ed04b91f66662fa99958e8f152ade5c",
                "sha256:65470e12e87f12939c5f2bbed7edb4dc3e50b3adca3314c7cd647f2062111474",
                "sha256:6d229bb8e95f312db8f41f769b144f4b9402963ca804814c184954c3466d918e",
                "sha256:746235be3c626d4a872964e89b6bda5f3439fcaeee9e88baebb36215af2a2332",
                "sha256:788f8c9e43f6946c329070b9fc6afd23fef58b82951a3fd0abd65ea2bd08583a",
                "sha256:78d26e6877db27e1e32060897e8131445f7aaf4426f5671726a7150ddf31e4d6",
                "sha256:7f6a61f1e79479ce80d4d425c63160faf8ef4873a94ef36611de19ce01806371",
                "sha256:82e0087c98ec502183008290c990a1361b96fb82c5a0e1cf506a23fa5a40b12c",
                "sha256:8361b9a2e0c482da0e4d78581616eb997c6a55be712e1f18c9ddda42656f834a",
                "sha256:881c484bf305fcd00eacb074e64add1a2e3e4c964814e4a755a6cdd06c188c31",
                "sha256:8842bad38b01a79cc695a2425107398daec884f3c9b4c0dcd91b01c815062e90",
                "sha256:8e19a3acde635c578dec69bcb07af6bb4874c9805cff110c791ae2a7c0109ff6",
                "sha256:8ed9fd9684a6321583b4b10493093581486e76b7ef42168eaa68c2cd0763e07a",
                "sha256:94227a64ed8926cb86f11274ed1689b28e86915992002f498c273126f325d195",
                "sha256:9456e626dbabcf4d694ed19367e0395f7fcc0c475b90429ad0d6a0a83ceb2609",
                "sha256:9d80e8dfc1698bb241805a97871bf05d8e3aea59ab6e0eb800d59277efc5909d",
                "sha256:a11b6ead9f8d62af2ea93c5f9c28a0b8c97b8f4fcd430b4e4f1e95d510938b7d",
                "sha256:a3fcadf8fe2f478a11e51d349fa46c996af4e46621b9c084e6ad91185a247c70",
                "sha256:a9431f7acc53edb1dd9d4847501acbf39a0fb64a17319da586e88e76e8a78fd5",
                "sha256:aac1047598fa101bd6f56b823d175d2ab6f877cace22563d89bb80de966e0aa5",
                "sha256:afede79549e30f9f37ecc62197716b32e07b464d601d68035aa6c848c45c0c31",
                "sha256:b5095c878236626359ad603da33a5a36f846dde4c2f8924a1ce6177e9d4a330e",
                "sha256:ba16d69111aa69bf4090401182e5620a2891e03847fb14a314e88ee5643e0043",
                "sha256:bac97ac6e2a2ca829b53f6124b796bfdbb523f32b0e97da35dd76a27bb44ace9",
                "sha256:bb494807fac234285158e3610c894622b75e5c7d280e3ded7c579de30c5f8ddc",
                "sha256:bc819e59d74c0fa3c1a48e9002d994021c19868f815db80c0fa9065d5644867a",
                "sha256:bd5957cb1af3de80fd29e7821bd5d3cf06b90fec530f0312773e5d3dc34cfa1c",
                "sha256:bec5f75cb02fd030834278382365051550a981764f648976fccd218d31569e8c",
                "sha256:c1aebe953e4e941505bcbc1c5fafd534e2f924b6478658e1cc3d99fa65b8f307",
                "sha256:c4fb5d62555e0f7a2ce2366db244ef6f572ed3ef938b044be7984c5a4e8c9e20",
                "sha256:d043b2259333c6040dfe772cc4e9bf40702dc7592e330c9bbc3e1cc7db671504",
                "sha256:da03f1bf61b673bd52d58d8c575aac651a65a84a9003bf964550dcc954ea1357",
                "sha256:f0ad6b236cf63d2119db85f31011b9816b0e467d7ee2b6d5f8adb1171b8781fa",
                "sha256:f13ebe4983b6314522e99e36e44f0bb1da24fdbdb17f750a97f9fc56c7c86302",
                "sha256:f34f3bf875848c145a7d454f17eaae503fbef2dde264e8207fcc3c5660cc83fe",
                "sha256:f485013ddb763c5e49135145a8bd7a1cad53c031e996656798d1e12c0c8b8266",
                "sha256:f9c6561da93beb0ad97fe63d375ed074c074dabb4d321d30f49d3cb908b0e193",
                "sha256:fcfa8648c04e2e89d9cbd931345e59ecb134a76ef80a38879bf2b6cfa9d4f982"
            ],
            "version": "==4.27.0"
        },
        "energenie": {
            "hashes": [
                "sha256:175593737b274e14ed47443558b36418848bc6e2ea206e3c7ff7adece4a56dcf"
            ],
            "index": "pypi",
            "version": "==1.0.1"
        },
        "paho-mqtt": {
            "hashes": [
                "sha256:9feb068e822be7b3a116324e01fb6028eb1d66412bf98595ae72698965cb1cae"
            ],
            "version": "==1.5.1"
        },
        "powerpi-common": {
            "path": "./../../common/python",
            "version": "==0.0.1"
        },
        "pyenergenie": {
            "git": "https://****@github.com/whaleygeek/pyenergenie.git",
            "ref": "e8ca7699c3cd57b4a6f1ccda6cca041515890f7c"
        },
        "rpi.gpio": {
            "hashes": [
                "sha256:7424bc6c205466764f30f666c18187a0824077daf20b295c42f08aea2cb87d3f"
            ],
            "version": "==0.7.0"
        },
        "schedule": {
            "hashes": [
                "sha256:1654cf70860a6d4d58236c98b0f1bb71521cc2a4bbf031b6cc39c96e77d59a91",
                "sha256:82369250700af61af40bbf38efc8698560aaba8fa3e58eec7209c20aa05b9d02"
            ],
            "markers": "python_version >= '3.6'",
            "version": "==1.0.0"
        },
        "six": {
            "hashes": [
                "sha256:30639c035cdb23534cd4aa2dd52c3bf48f06e5f4a941509c8bafd8ce11080259",
                "sha256:8b74bedcbbbaca38ff6d7491d76f2b06b3592611af620f8426e82dddb04a5ced"
            ],
            "markers": "python_version >= '2.7' and python_version not in '3.0, 3.1, 3.2, 3.3'",
            "version": "==1.15.0"
        }
    },
    "develop": {
        "astroid": {
            "hashes": [
                "sha256:ad63b8552c70939568966811a088ef0bc880f99a24a00834abd0e3681b514f91",
                "sha256:bea3f32799fbb8581f58431c12591bc20ce11cbc90ad82e2ea5717d94f2080d5"
            ],
            "markers": "python_version >= '3.6'",
            "version": "==2.5.3"
        },
        "attrs": {
            "hashes": [
                "sha256:31b2eced602aa8423c2aea9c76a724617ed67cf9513173fd3a4f03e3a929c7e6",
                "sha256:832aa3cde19744e49938b91fea06d69ecb9e649c93ba974535d08ad92164f700"
            ],
            "markers": "python_version >= '2.7' and python_version not in '3.0, 3.1, 3.2, 3.3'",
            "version": "==20.3.0"
        },
        "autopep8": {
            "hashes": [
                "sha256:5454e6e9a3d02aae38f866eec0d9a7de4ab9f93c10a273fb0340f3d6d09f7514",
                "sha256:f01b06a6808bc31698db907761e5890eb2295e287af53f6693b39ce55454034a"
            ],
            "index": "pypi",
            "version": "==1.5.6"
        },
        "importlib-metadata": {
            "hashes": [
                "sha256:2ec0faae539743ae6aaa84b49a169670a465f7f5d64e6add98388cc29fd1f2f6",
                "sha256:c9356b657de65c53744046fa8f7358afe0714a1af7d570c00c3835c2d724a7c1"
            ],
            "markers": "python_version < '3.8'",
            "version": "==3.10.1"
        },
        "iniconfig": {
            "hashes": [
                "sha256:011e24c64b7f47f6ebd835bb12a743f2fbe9a26d4cecaa7f53bc4f35ee9da8b3",
                "sha256:bc3af051d7d14b2ee5ef9969666def0cd1a000e121eaea580d4a313df4b37f32"
            ],
            "version": "==1.1.1"
        },
        "isort": {
            "hashes": [
                "sha256:0a943902919f65c5684ac4e0154b1ad4fac6dcaa5d9f3426b732f1c8b5419be6",
                "sha256:2bb1680aad211e3c9944dbce1d4ba09a989f04e238296c87fe2139faa26d655d"
            ],
            "markers": "python_version >= '3.6' and python_version < '4.0'",
            "version": "==5.8.0"
        },
        "lazy-object-proxy": {
            "hashes": [
                "sha256:17e0967ba374fc24141738c69736da90e94419338fd4c7c7bef01ee26b339653",
                "sha256:1fee665d2638491f4d6e55bd483e15ef21f6c8c2095f235fef72601021e64f61",
                "sha256:22ddd618cefe54305df49e4c069fa65715be4ad0e78e8d252a33debf00f6ede2",
                "sha256:24a5045889cc2729033b3e604d496c2b6f588c754f7a62027ad4437a7ecc4837",
                "sha256:410283732af311b51b837894fa2f24f2c0039aa7f220135192b38fcc42bd43d3",
                "sha256:4732c765372bd78a2d6b2150a6e99d00a78ec963375f236979c0626b97ed8e43",
                "sha256:489000d368377571c6f982fba6497f2aa13c6d1facc40660963da62f5c379726",
                "sha256:4f60460e9f1eb632584c9685bccea152f4ac2130e299784dbaf9fae9f49891b3",
                "sha256:5743a5ab42ae40caa8421b320ebf3a998f89c85cdc8376d6b2e00bd12bd1b587",
                "sha256:85fb7608121fd5621cc4377a8961d0b32ccf84a7285b4f1d21988b2eae2868e8",
                "sha256:9698110e36e2df951c7c36b6729e96429c9c32b3331989ef19976592c5f3c77a",
                "sha256:9d397bf41caad3f489e10774667310d73cb9c4258e9aed94b9ec734b34b495fd",
                "sha256:b579f8acbf2bdd9ea200b1d5dea36abd93cabf56cf626ab9c744a432e15c815f",
                "sha256:b865b01a2e7f96db0c5d12cfea590f98d8c5ba64ad222300d93ce6ff9138bcad",
                "sha256:bf34e368e8dd976423396555078def5cfc3039ebc6fc06d1ae2c5a65eebbcde4",
                "sha256:c6938967f8528b3668622a9ed3b31d145fab161a32f5891ea7b84f6b790be05b",
                "sha256:d1c2676e3d840852a2de7c7d5d76407c772927addff8d742b9808fe0afccebdf",
                "sha256:d7124f52f3bd259f510651450e18e0fd081ed82f3c08541dffc7b94b883aa981",
                "sha256:d900d949b707778696fdf01036f58c9876a0d8bfe116e8d220cfd4b15f14e741",
                "sha256:ebfd274dcd5133e0afae738e6d9da4323c3eb021b3e13052d8cbd0e457b1256e",
                "sha256:ed361bb83436f117f9917d282a456f9e5009ea12fd6de8742d1a4752c3017e93",
                "sha256:f5144c75445ae3ca2057faac03fda5a902eff196702b0a24daf1d6ce0650514b"
            ],
            "markers": "python_version >= '2.7' and python_version not in '3.0, 3.1, 3.2, 3.3, 3.4, 3.5'",
            "version": "==1.6.0"
        },
        "mccabe": {
            "hashes": [
                "sha256:ab8a6258860da4b6677da4bd2fe5dc2c659cff31b3ee4f7f5d64e79735b80d42",
                "sha256:dd8d182285a0fe56bace7f45b5e7d1a6ebcbf524e8f3bd87eb0f125271b8831f"
            ],
            "version": "==0.6.1"
        },
        "packaging": {
            "hashes": [
                "sha256:5b327ac1320dc863dca72f4514ecc086f31186744b84a230374cc1fd776feae5",
                "sha256:67714da7f7bc052e064859c05c595155bd1ee9f69f76557e21f051443c20947a"
            ],
            "markers": "python_version >= '2.7' and python_version not in '3.0, 3.1, 3.2, 3.3'",
            "version": "==20.9"
        },
        "pluggy": {
            "hashes": [
                "sha256:15b2acde666561e1298d71b523007ed7364de07029219b604cf808bfa1c765b0",
                "sha256:966c145cd83c96502c3c3868f50408687b38434af77734af1e9ca461a4081d2d"
            ],
            "markers": "python_version >= '2.7' and python_version not in '3.0, 3.1, 3.2, 3.3'",
            "version": "==0.13.1"
        },
        "powerpi-common-test": {
            "editable": true,
            "path": "./../../common/pytest"
        },
        "py": {
            "hashes": [
                "sha256:21b81bda15b66ef5e1a777a21c4dcd9c20ad3efd0b3f817e7a809035269e1bd3",
                "sha256:3b80836aa6d1feeaa108e046da6423ab8f6ceda6468545ae8d02d9d58d18818a"
            ],
            "markers": "python_version >= '2.7' and python_version not in '3.0, 3.1, 3.2, 3.3'",
            "version": "==1.10.0"
        },
        "pycodestyle": {
            "hashes": [
                "sha256:514f76d918fcc0b55c6680472f0a37970994e07bbb80725808c17089be302068",
                "sha256:c389c1d06bf7904078ca03399a4816f974a1d590090fecea0c63ec26ebaf1cef"
            ],
            "markers": "python_version >= '2.7' and python_version not in '3.0, 3.1, 3.2, 3.3'",
            "version": "==2.7.0"
        },
        "pylint": {
            "hashes": [
                "sha256:209d712ec870a0182df034ae19f347e725c1e615b2269519ab58a35b3fcbbe7a",
                "sha256:bd38914c7731cdc518634a8d3c5585951302b6e2b6de60fbb3f7a0220e21eeee"
            ],
            "index": "pypi",
            "version": "==2.7.4"
        },
        "pyparsing": {
            "hashes": [
                "sha256:c203ec8783bf771a155b207279b9bccb8dea02d8f0c9e5f8ead507bc3246ecc1",
                "sha256:ef9d7589ef3c200abe66653d3f1ab1033c3c419ae9b9bdb1240a85b024efc88b"
            ],
            "markers": "python_version >= '2.6' and python_version not in '3.0, 3.1, 3.2, 3.3'",
            "version": "==2.4.7"
        },
        "pytest": {
            "hashes": [
                "sha256:671238a46e4df0f3498d1c3270e5deb9b32d25134c99b7d75370a68cfbe9b634",
                "sha256:6ad9c7bdf517a808242b998ac20063c41532a570d088d77eec1ee12b0b5574bc"
            ],
            "markers": "python_version >= '3.6'",
            "version": "==6.2.3"
        },
        "pytest-mock": {
            "hashes": [
                "sha256:379b391cfad22422ea2e252bdfc008edd08509029bcde3c25b2c0bd741e0424e",
                "sha256:a1e2aba6af9560d313c642dae7e00a2a12b022b80301d9d7fc8ec6858e1dd9fc"
            ],
            "markers": "python_version >= '3.5'",
            "version": "==3.5.1"
        },
        "toml": {
            "hashes": [
                "sha256:806143ae5bfb6a3c6e736a764057db0e6a0e05e338b5630894a5f779cabb4f9b",
                "sha256:b3bda1d108d5dd99f4a20d24d9c348e91c4db7ab1b749200bded2f839ccbe68f"
            ],
            "markers": "python_version >= '2.6' and python_version not in '3.0, 3.1, 3.2, 3.3'",
            "version": "==0.10.2"
        },
        "typed-ast": {
            "hashes": [
                "sha256:01ae5f73431d21eead5015997ab41afa53aa1fbe252f9da060be5dad2c730ace",
                "sha256:067a74454df670dcaa4e59349a2e5c81e567d8d65458d480a5b3dfecec08c5ff",
                "sha256:0fb71b8c643187d7492c1f8352f2c15b4c4af3f6338f21681d3681b3dc31a266",
                "sha256:1b3ead4a96c9101bef08f9f7d1217c096f31667617b58de957f690c92378b528",
                "sha256:2068531575a125b87a41802130fa7e29f26c09a2833fea68d9a40cf33902eba6",
                "sha256:209596a4ec71d990d71d5e0d312ac935d86930e6eecff6ccc7007fe54d703808",
                "sha256:2c726c276d09fc5c414693a2de063f521052d9ea7c240ce553316f70656c84d4",
                "sha256:398e44cd480f4d2b7ee8d98385ca104e35c81525dd98c519acff1b79bdaac363",
                "sha256:52b1eb8c83f178ab787f3a4283f68258525f8d70f778a2f6dd54d3b5e5fb4341",
                "sha256:5feca99c17af94057417d744607b82dd0a664fd5e4ca98061480fd8b14b18d04",
                "sha256:7538e495704e2ccda9b234b82423a4038f324f3a10c43bc088a1636180f11a41",
                "sha256:760ad187b1041a154f0e4d0f6aae3e40fdb51d6de16e5c99aedadd9246450e9e",
                "sha256:777a26c84bea6cd934422ac2e3b78863a37017618b6e5c08f92ef69853e765d3",
                "sha256:95431a26309a21874005845c21118c83991c63ea800dd44843e42a916aec5899",
                "sha256:9ad2c92ec681e02baf81fdfa056fe0d818645efa9af1f1cd5fd6f1bd2bdfd805",
                "sha256:9c6d1a54552b5330bc657b7ef0eae25d00ba7ffe85d9ea8ae6540d2197a3788c",
                "sha256:aee0c1256be6c07bd3e1263ff920c325b59849dc95392a05f258bb9b259cf39c",
                "sha256:af3d4a73793725138d6b334d9d247ce7e5f084d96284ed23f22ee626a7b88e39",
                "sha256:b36b4f3920103a25e1d5d024d155c504080959582b928e91cb608a65c3a49e1a",
                "sha256:b9574c6f03f685070d859e75c7f9eeca02d6933273b5e69572e5ff9d5e3931c3",
                "sha256:bff6ad71c81b3bba8fa35f0f1921fb24ff4476235a6e94a26ada2e54370e6da7",
                "sha256:c190f0899e9f9f8b6b7863debfb739abcb21a5c054f911ca3596d12b8a4c4c7f",
                "sha256:c907f561b1e83e93fad565bac5ba9c22d96a54e7ea0267c708bffe863cbe4075",
                "sha256:cae53c389825d3b46fb37538441f75d6aecc4174f615d048321b716df2757fb0",
                "sha256:dd4a21253f42b8d2b48410cb31fe501d32f8b9fbeb1f55063ad102fe9c425e40",
                "sha256:dde816ca9dac1d9c01dd504ea5967821606f02e510438120091b84e852367428",
                "sha256:f2362f3cb0f3172c42938946dbc5b7843c2a28aec307c49100c8b38764eb6927",
                "sha256:f328adcfebed9f11301eaedfa48e15bdece9b519fb27e6a8c01aa52a17ec31b3",
                "sha256:f8afcf15cc511ada719a88e013cec87c11aff7b91f019295eb4530f96fe5ef2f",
                "sha256:fb1bbeac803adea29cedd70781399c99138358c26d05fcbd23c13016b7f5ec65"
            ],
            "markers": "python_version < '3.8' and implementation_name == 'cpython'",
            "version": "==1.4.3"
        },
        "typing-extensions": {
            "hashes": [
                "sha256:7cb407020f00f7bfc3cb3e7881628838e69d8f3fcab2f64742a5e76b2f841918",
                "sha256:99d4073b617d30288f569d3f13d2bd7548c3a7e4c8de87db09a9d29bb3a4a60c",
                "sha256:dafc7639cde7f1b6e1acc0f457842a83e722ccca8eef5270af2d74792619a89f"
            ],
            "markers": "python_version < '3.8'",
            "version": "==3.7.4.3"
        },
        "wrapt": {
            "hashes": [
                "sha256:b62ffa81fb85f4332a4f609cab4ac40709470da05643a082ec1eb88e6d9b97d7"
            ],
            "version": "==1.12.1"
        },
        "zipp": {
            "hashes": [
                "sha256:3607921face881ba3e026887d8150cca609d517579abe052ac81fc5aeffdbd76",
                "sha256:51cb66cc54621609dd593d1787f286ee42a5c0adbb4b29abea5a63edc3e03098"
            ],
            "markers": "python_version >= '3.6'",
            "version": "==3.4.1"
        }
    }
}
