{
  "name": "light-fantastic",
  "version": "0.1.4",
  "lockfileVersion": 1,
  "requires": true,
  "dependencies": {
    "@tsconfig/node12": {
      "version": "1.0.7",
      "resolved": "https://registry.npmjs.org/@tsconfig/node12/-/node12-1.0.7.tgz",
      "integrity": "sha512-dgasobK/Y0wVMswcipr3k0HpevxFJLijN03A8mYfEPvWvOs14v0ZlYTR4kIgMx8g4+fTyTFv8/jLCIfRqLDJ4A=="
    },
    "@types/moment-timezone": {
      "version": "0.5.13",
      "resolved": "https://registry.npmjs.org/@types/moment-timezone/-/moment-timezone-0.5.13.tgz",
      "integrity": "sha1-AxfMyR60x/SQFwQWYWY5XDknZSg=",
      "requires": {
        "moment": ">=2.14.0"
      }
    },
    "@types/node": {
      "version": "13.13.4",
      "resolved": "https://registry.npmjs.org/@types/node/-/node-13.13.4.tgz",
      "integrity": "sha1-FYHWwW49SAPrB5yH1KyJPudQHCw="
    },
    "@types/ping": {
      "version": "0.2.0",
      "resolved": "https://registry.npmjs.org/@types/ping/-/ping-0.2.0.tgz",
      "integrity": "sha512-4DnmDRxd3DyCc5+b26z85l0oeTiJwm9JXr30Em97M+BV5LL0GkRoTRVd3dtzwCznHZaEcCAaJH0eHtGMYmLMUg=="
    },
    "arg": {
      "version": "4.1.3",
      "resolved": "https://registry.npmjs.org/arg/-/arg-4.1.3.tgz",
      "integrity": "sha1-Jp/HrVuOQstjyJbVZmAXJhwUQIk="
    },
    "awaity": {
      "version": "1.0.0",
      "resolved": "https://registry.npmjs.org/awaity/-/awaity-1.0.0.tgz",
      "integrity": "sha1-8hmkD8qrb9cvSC7ZWGVuvJIlRIk="
    },
    "buffer-from": {
      "version": "1.1.1",
      "resolved": "https://registry.npmjs.org/buffer-from/-/buffer-from-1.1.1.tgz",
      "integrity": "sha1-MnE7wCj3XAL9txDXx7zsHyxgcO8="
    },
    "colorette": {
      "version": "1.1.0",
      "resolved": "https://registry.npmjs.org/colorette/-/colorette-1.1.0.tgz",
      "integrity": "sha1-H5Q+WjV/rBC04PWq7zsUzcGvbsc="
    },
    "diff": {
      "version": "4.0.2",
      "resolved": "https://registry.npmjs.org/diff/-/diff-4.0.2.tgz",
      "integrity": "sha1-YPOuy4nV+uUgwRqhnvwruYKq3n0="
    },
    "loggy": {
      "version": "1.0.8",
      "resolved": "https://registry.npmjs.org/loggy/-/loggy-1.0.8.tgz",
      "integrity": "sha1-grNxe4XZ0jCQ3QNnrPwqvF+m5Ps=",
      "requires": {
        "colorette": "~1.1",
        "native-notifier": "~0.1.6"
      }
    },
    "make-error": {
      "version": "1.3.6",
      "resolved": "https://registry.npmjs.org/make-error/-/make-error-1.3.6.tgz",
      "integrity": "sha1-LrLjfqm2fEiR9oShOUeZr0hM96I="
    },
    "moment": {
      "version": "2.24.0",
      "resolved": "https://registry.npmjs.org/moment/-/moment-2.24.0.tgz",
      "integrity": "sha1-DQVdU/UFKqZTyfbraLtdEr9cK1s="
    },
    "moment-timezone": {
      "version": "0.5.28",
      "resolved": "https://registry.npmjs.org/moment-timezone/-/moment-timezone-0.5.28.tgz",
      "integrity": "sha1-8JPXidCR7XsFXYKqgagkZ/cuQzg=",
      "requires": {
        "moment": ">= 2.9.0"
      }
    },
    "native-notifier": {
      "version": "0.1.6",
      "resolved": "https://registry.npmjs.org/native-notifier/-/native-notifier-0.1.6.tgz",
      "integrity": "sha1-2YwwayizJ1kadPmBnawUPI5LzR0=",
      "requires": {
        "tag-shell": "~0.1.0"
      }
    },
    "node-lifx-lan": {
      "version": "0.4.1",
      "resolved": "https://registry.npmjs.org/node-lifx-lan/-/node-lifx-lan-0.4.1.tgz",
      "integrity": "sha1-n3ZPfmUde6wIqJASsKzFMD4uFHc="
    },
    "ping": {
      "version": "0.2.3",
      "resolved": "https://registry.npmjs.org/ping/-/ping-0.2.3.tgz",
      "integrity": "sha512-UiwPl9kpzYIE0iz+EUSjISoVCyg44YckaT3BQ60j4xYuRrxGKH4w3ICSyw6xe3va2zgzD9T0yB8h220PM0Elhg==",
      "requires": {
        "q": "1.x",
        "underscore": "^1.8.3"
      }
    },
    "q": {
      "version": "1.5.1",
      "resolved": "https://registry.npmjs.org/q/-/q-1.5.1.tgz",
      "integrity": "sha1-fjL3W0E4EpHQRhHxvxQQmsAGUdc="
    },
    "source-map": {
      "version": "0.6.1",
      "resolved": "https://registry.npmjs.org/source-map/-/source-map-0.6.1.tgz",
      "integrity": "sha1-dHIq8y6WFOnCh6jQu95IteLxomM="
    },
    "source-map-support": {
      "version": "0.5.19",
      "resolved": "https://registry.npmjs.org/source-map-support/-/source-map-support-0.5.19.tgz",
      "integrity": "sha1-qYti+G3K9PZzmWSMCFKRq56P7WE=",
      "requires": {
        "buffer-from": "^1.0.0",
        "source-map": "^0.6.0"
      }
    },
    "tag-shell": {
      "version": "0.1.0",
      "resolved": "https://registry.npmjs.org/tag-shell/-/tag-shell-0.1.0.tgz",
      "integrity": "sha1-50OBbmpugFrDc19BYuAWuXp9370="
    },
    "ts-node": {
      "version": "8.9.1",
      "resolved": "https://registry.npmjs.org/ts-node/-/ts-node-8.9.1.tgz",
      "integrity": "sha1-L4V/RsR+kdzSihTgUkgusUz9ZaU=",
      "requires": {
        "arg": "^4.1.0",
        "diff": "^4.0.1",
        "make-error": "^1.1.1",
        "source-map-support": "^0.5.17",
        "yn": "3.1.1"
      }
    },
    "typescript": {
      "version": "3.8.3",
      "resolved": "https://registry.npmjs.org/typescript/-/typescript-3.8.3.tgz",
      "integrity": "sha1-QJ64VE6gM1cRIFhp7EWKsQnuEGE="
    },
    "underscore": {
      "version": "1.10.2",
      "resolved": "https://registry.npmjs.org/underscore/-/underscore-1.10.2.tgz",
      "integrity": "sha512-N4P+Q/BuyuEKFJ43B9gYuOj4TQUHXX+j2FqguVOpjkssLUUrnJofCcBccJSCoeturDoZU6GorDTHSvUDlSQbTg=="
    },
    "yn": {
      "version": "3.1.1",
      "resolved": "https://registry.npmjs.org/yn/-/yn-3.1.1.tgz",
      "integrity": "sha1-HodAGgnXZ8HV6rJqbkwYUYLS61A="
    }
  }
}
