{
    "_meta": {
        "hash": {
            "sha256": "61102cbba159b33ffe317f5466822831700b7bf7523440b313e7e29bae08a1ef"
        },
        "pipfile-spec": 6,
        "requires": {
            "python_version": "3"
        },
        "sources": [
            {
                "name": "pypi",
                "url": "https://pypi.org/simple",
                "verify_ssl": true
            }
        ]
    },
    "default": {
        "argparse": {
            "hashes": [
                "sha256:62b089a55be1d8949cd2bc7e0df0bddb9e028faefc8c32038cc84862aefdd6e4",
                "sha256:c31647edb69fd3d465a847ea3157d37bed1f95f19760b11a47aa91c04b666314"
            ],
            "version": "==1.4.0"
        },
        "cachetools": {
            "hashes": [
                "sha256:1d9d5f567be80f7c07d765e21b814326d78c61eb0c3a637dffc0e5d1796cb2e2",
                "sha256:f469e29e7aa4cff64d8de4aad95ce76de8ea1125a16c68e0d93f65c3c3dc92e9"
            ],
            "index": "pypi",
            "version": "==4.2.1"
        },
        "certifi": {
            "hashes": [
                "sha256:1a4995114262bffbc2413b159f2a1a480c969de6e6eb13ee966d470af86af59c",
                "sha256:719a74fb9e33b9bd44cc7f3a8d94bc35e4049deebe19ba7d8e108280cfd59830"
            ],
            "version": "==2020.12.5"
        },
        "chardet": {
            "hashes": [
                "sha256:0d6f53a15db4120f2b08c94f11e7d93d2c911ee118b6b30a04ec3ee8310179fa",
                "sha256:f864054d66fd9118f2e67044ac8981a54775ec5b67aed0441892edb553d21da5"
            ],
            "markers": "python_version >= '2.7' and python_version not in '3.0, 3.1, 3.2, 3.3, 3.4'",
            "version": "==4.0.0"
        },
        "dependency-injector": {
            "hashes": [
                "sha256:02d94ee634fc081807cf355468205d72ae0ab8d784adf64e442ad20cb82217f1",
                "sha256:05f87362d9aa35464d3fce78287715dd6e3f3d0a61e8bf9cfd730670f3c7c739",
                "sha256:0907a533567efc0f3106d7ff799f4e8d0bbdec5d7be8d3ff8d540270e81ae83d",
                "sha256:0d207f22cc1cfbfdca9d758cb0dc86caf49de7d36ad9b954f9a778e64dc0eaab",
                "sha256:0f8d1663c9f8f9bd0d264f13db8d34f67988c658f2415b2c8bc4294bb66cebc6",
                "sha256:18b567d1eb9b2ad0d943edaedadef5328c0af3f3d1a19f33538b80dcf046c7b0",
                "sha256:1d0c2f2c9d1e9a908a610595ab8e375dc130f4e92f28b66cf0e05abde43f4048",
                "sha256:1d27cc61f01b73bec625215113bab5e2d15bc868581cc4acaa2d43b975f2107c",
                "sha256:22a27da9acc0c2c445140cf61c39a7ad989903bf151a8a0769b6c9d4615b7e2c",
                "sha256:22f440da60959414d2ee75b77128d5b6dea23389560f84155188bd8d2ab13b01",
                "sha256:2c5358076ef0df4a94564e1d74424ea7e8ca777fd7ba949fdb8e5964ad06278f",
                "sha256:2dd60030b20fff23ccf071cc07214ca4e4b3eeb4a677975e802845dc40808689",
                "sha256:363f21d01d8af3919ed5562da970190d2d8a4bd7cea24e9319c4c4c458cc9fba",
                "sha256:3e93eb1ade4f5544f5ae8b0e9607b5fb0c6174c054462cea744c47f69bc9ee2f",
                "sha256:42c167f3b6bf745d3fdfbf53ac2755a0a2a97bc18821614921715b79708cb38d",
                "sha256:4319d7db5786605196f7488ee30a16bee4cf4d5c0531046329fa6bbdf8440cee",
                "sha256:43d5974be55f0a2a8c27e6360edc30e4cbc55794d013cb145e3a6b71f74743fc",
                "sha256:4cd86be8593637fb9e933e243c462a2980a5189773fff3b8f2ff09f98bc8d9f1",
                "sha256:4eadce3a5049af40555dcb746b95626d6bb8b3afaef5899bae6906fbf7091e98",
                "sha256:4f165f4040a4b6d2ebd177d445d5e77ce7909fd80f73b0465491b24033ab1fbd",
                "sha256:56cdb3f9e91d08285d267d6b2e3d4b17aef00935f2ebe73f099c748f785f2835",
                "sha256:5c4f4401572525246f6fab36a4bf5436be3ed2b8a3b2f8a84227de8f32db43c5",
                "sha256:5ee61cfe7b8487b09dc63abeaaed56001ce52c80647e1291cf2eeba55ec1095f",
                "sha256:5f9fcc35c455b6a6fc7100947cbeac47c48b8832c962d5abff8706424a6da9bc",
                "sha256:6163d91a4ca8c75e3fad4fefc8a9975868dc79939d4f9a691805cb46405e2050",
                "sha256:61aa77d56034b8d2cb08025d77d05bb2dba297320c56094dadd6c5bd092adb8f",
                "sha256:630f23b19a4be6b6caf6225dfeeb541b0ed04b91f66662fa99958e8f152ade5c",
                "sha256:65470e12e87f12939c5f2bbed7edb4dc3e50b3adca3314c7cd647f2062111474",
                "sha256:6d229bb8e95f312db8f41f769b144f4b9402963ca804814c184954c3466d918e",
                "sha256:746235be3c626d4a872964e89b6bda5f3439fcaeee9e88baebb36215af2a2332",
                "sha256:788f8c9e43f6946c329070b9fc6afd23fef58b82951a3fd0abd65ea2bd08583a",
                "sha256:78d26e6877db27e1e32060897e8131445f7aaf4426f5671726a7150ddf31e4d6",
                "sha256:7f6a61f1e79479ce80d4d425c63160faf8ef4873a94ef36611de19ce01806371",
                "sha256:82e0087c98ec502183008290c990a1361b96fb82c5a0e1cf506a23fa5a40b12c",
                "sha256:8361b9a2e0c482da0e4d78581616eb997c6a55be712e1f18c9ddda42656f834a",
                "sha256:881c484bf305fcd00eacb074e64add1a2e3e4c964814e4a755a6cdd06c188c31",
                "sha256:8842bad38b01a79cc695a2425107398daec884f3c9b4c0dcd91b01c815062e90",
                "sha256:8e19a3acde635c578dec69bcb07af6bb4874c9805cff110c791ae2a7c0109ff6",
                "sha256:8ed9fd9684a6321583b4b10493093581486e76b7ef42168eaa68c2cd0763e07a",
                "sha256:94227a64ed8926cb86f11274ed1689b28e86915992002f498c273126f325d195",
                "sha256:9456e626dbabcf4d694ed19367e0395f7fcc0c475b90429ad0d6a0a83ceb2609",
                "sha256:9d80e8dfc1698bb241805a97871bf05d8e3aea59ab6e0eb800d59277efc5909d",
                "sha256:a11b6ead9f8d62af2ea93c5f9c28a0b8c97b8f4fcd430b4e4f1e95d510938b7d",
                "sha256:a3fcadf8fe2f478a11e51d349fa46c996af4e46621b9c084e6ad91185a247c70",
                "sha256:a9431f7acc53edb1dd9d4847501acbf39a0fb64a17319da586e88e76e8a78fd5",
                "sha256:aac1047598fa101bd6f56b823d175d2ab6f877cace22563d89bb80de966e0aa5",
                "sha256:afede79549e30f9f37ecc62197716b32e07b464d601d68035aa6c848c45c0c31",
                "sha256:b5095c878236626359ad603da33a5a36f846dde4c2f8924a1ce6177e9d4a330e",
                "sha256:ba16d69111aa69bf4090401182e5620a2891e03847fb14a314e88ee5643e0043",
                "sha256:bac97ac6e2a2ca829b53f6124b796bfdbb523f32b0e97da35dd76a27bb44ace9",
                "sha256:bb494807fac234285158e3610c894622b75e5c7d280e3ded7c579de30c5f8ddc",
                "sha256:bc819e59d74c0fa3c1a48e9002d994021c19868f815db80c0fa9065d5644867a",
                "sha256:bd5957cb1af3de80fd29e7821bd5d3cf06b90fec530f0312773e5d3dc34cfa1c",
                "sha256:bec5f75cb02fd030834278382365051550a981764f648976fccd218d31569e8c",
                "sha256:c1aebe953e4e941505bcbc1c5fafd534e2f924b6478658e1cc3d99fa65b8f307",
                "sha256:c4fb5d62555e0f7a2ce2366db244ef6f572ed3ef938b044be7984c5a4e8c9e20",
                "sha256:d043b2259333c6040dfe772cc4e9bf40702dc7592e330c9bbc3e1cc7db671504",
                "sha256:da03f1bf61b673bd52d58d8c575aac651a65a84a9003bf964550dcc954ea1357",
                "sha256:f0ad6b236cf63d2119db85f31011b9816b0e467d7ee2b6d5f8adb1171b8781fa",
                "sha256:f13ebe4983b6314522e99e36e44f0bb1da24fdbdb17f750a97f9fc56c7c86302",
                "sha256:f34f3bf875848c145a7d454f17eaae503fbef2dde264e8207fcc3c5660cc83fe",
                "sha256:f485013ddb763c5e49135145a8bd7a1cad53c031e996656798d1e12c0c8b8266",
                "sha256:f9c6561da93beb0ad97fe63d375ed074c074dabb4d321d30f49d3cb908b0e193",
                "sha256:fcfa8648c04e2e89d9cbd931345e59ecb134a76ef80a38879bf2b6cfa9d4f982"
            ],
            "version": "==4.27.0"
        },
        "idna": {
            "hashes": [
                "sha256:b307872f855b18632ce0c21c5e45be78c0ea7ae4c15c828c20788b26921eb3f6",
                "sha256:b97d804b1e9b523befed77c48dacec60e6dcb0b5391d57af6a65a312a90648c0"
            ],
            "markers": "python_version >= '2.7' and python_version not in '3.0, 3.1, 3.2, 3.3'",
            "version": "==2.10"
        },
        "lazy": {
            "hashes": [
                "sha256:2c6d27a5ab130fb85435320651a47403adcb37ecbcc501b0c6606391f65f5b43",
                "sha256:9f293fd531546f3eda039da8f919b513b94f219e562764e3ceefc26fa503bf03"
            ],
            "index": "pypi",
            "version": "==1.4"
        },
        "paho-mqtt": {
            "hashes": [
                "sha256:9feb068e822be7b3a116324e01fb6028eb1d66412bf98595ae72698965cb1cae"
            ],
            "version": "==1.5.1"
        },
        "powerpi-common": {
            "path": "./../../common/python",
            "version": "==0.0.1"
        },
        "pyharmony": {
            "hashes": [
                "sha256:715fb9d379eb06324cf7614c7e7d873b27e9e5eef48bf340d8360fec5dfb26a3"
            ],
            "index": "pypi",
            "version": "==1.0.21"
        },
        "requests": {
            "hashes": [
                "sha256:27973dd4a904a4f13b263a19c866c13b92a39ed1c964655f025f3f8d3d75b804",
                "sha256:c210084e36a42ae6b9219e00e48287def368a26d03a048ddad7bfee44f75871e"
            ],
            "markers": "python_version >= '2.7' and python_version not in '3.0, 3.1, 3.2, 3.3, 3.4'",
            "version": "==2.25.1"
        },
        "schedule": {
            "hashes": [
                "sha256:1654cf70860a6d4d58236c98b0f1bb71521cc2a4bbf031b6cc39c96e77d59a91",
                "sha256:82369250700af61af40bbf38efc8698560aaba8fa3e58eec7209c20aa05b9d02"
            ],
            "markers": "python_version >= '3.6'",
            "version": "==1.0.0"
        },
        "six": {
            "hashes": [
                "sha256:30639c035cdb23534cd4aa2dd52c3bf48f06e5f4a941509c8bafd8ce11080259",
                "sha256:8b74bedcbbbaca38ff6d7491d76f2b06b3592611af620f8426e82dddb04a5ced"
            ],
            "markers": "python_version >= '2.7' and python_version not in '3.0, 3.1, 3.2, 3.3'",
            "version": "==1.15.0"
        },
        "sleekxmpp": {
            "hashes": [
                "sha256:d213c1de71d92505f95ced0460ee0f84fdc4ddcacb7d7dd343739ed4028e5569"
            ],
            "version": "==1.3.3"
        },
        "urllib3": {
            "hashes": [
                "sha256:1b465e494e3e0d8939b50680403e3aedaa2bc434b7d5af64dfd3c958d7f5ae80",
                "sha256:de3eedaad74a2683334e282005cd8d7f22f4d55fa690a2a1020a416cb0a47e73"
            ],
            "markers": "python_version >= '2.7' and python_version not in '3.0, 3.1, 3.2, 3.3, 3.4' and python_version < '4'",
            "version": "==1.26.3"
        }
    },
    "develop": {
        "astroid": {
            "hashes": [
                "sha256:21d735aab248253531bb0f1e1e6d068f0ee23533e18ae8a6171ff892b98297cf",
                "sha256:cfc35498ee64017be059ceffab0a25bedf7548ab76f2bea691c5565896e7128d"
            ],
            "markers": "python_version >= '3.6'",
            "version": "==2.5.1"
        },
        "attrs": {
            "hashes": [
                "sha256:31b2eced602aa8423c2aea9c76a724617ed67cf9513173fd3a4f03e3a929c7e6",
                "sha256:832aa3cde19744e49938b91fea06d69ecb9e649c93ba974535d08ad92164f700"
            ],
            "markers": "python_version >= '2.7' and python_version not in '3.0, 3.1, 3.2, 3.3'",
            "version": "==20.3.0"
        },
        "autopep8": {
            "hashes": [
                "sha256:9e136c472c475f4ee4978b51a88a494bfcd4e3ed17950a44a988d9e434837bea",
                "sha256:cae4bc0fb616408191af41d062d7ec7ef8679c7f27b068875ca3a9e2878d5443"
            ],
            "index": "pypi",
            "version": "==1.5.5"
        },
        "importlib-metadata": {
            "hashes": [
                "sha256:18d5ff601069f98d5d605b6a4b50c18a34811d655c55548adc833e687289acde",
                "sha256:407d13f55dc6f2a844e62325d18ad7019a436c4bfcaee34cda35f2be6e7c3e34"
            ],
            "markers": "python_version < '3.8'",
            "version": "==3.7.2"
        },
        "iniconfig": {
            "hashes": [
                "sha256:011e24c64b7f47f6ebd835bb12a743f2fbe9a26d4cecaa7f53bc4f35ee9da8b3",
                "sha256:bc3af051d7d14b2ee5ef9969666def0cd1a000e121eaea580d4a313df4b37f32"
            ],
            "version": "==1.1.1"
        },
        "isort": {
            "hashes": [
                "sha256:c729845434366216d320e936b8ad6f9d681aab72dc7cbc2d51bedc3582f3ad1e",
                "sha256:fff4f0c04e1825522ce6949973e83110a6e907750cd92d128b0d14aaaadbffdc"
            ],
            "markers": "python_version >= '3.6' and python_version < '4.0'",
            "version": "==5.7.0"
        },
        "lazy-object-proxy": {
            "hashes": [
                "sha256:1d33d6f789697f401b75ce08e73b1de567b947740f768376631079290118ad39",
                "sha256:2f2de8f8ac0be3e40d17730e0600619d35c78c13a099ea91ef7fb4ad944ce694",
                "sha256:3782931963dc89e0e9a0ae4348b44762e868ea280e4f8c233b537852a8996ab9",
                "sha256:37d9c34b96cca6787fe014aeb651217944a967a5b165e2cacb6b858d2997ab84",
                "sha256:38c3865bd220bd983fcaa9aa11462619e84a71233bafd9c880f7b1cb753ca7fa",
                "sha256:429c4d1862f3fc37cd56304d880f2eae5bd0da83bdef889f3bd66458aac49128",
                "sha256:522b7c94b524389f4a4094c4bf04c2b02228454ddd17c1a9b2801fac1d754871",
                "sha256:57fb5c5504ddd45ed420b5b6461a78f58cbb0c1b0cbd9cd5a43ad30a4a3ee4d0",
                "sha256:5944a9b95e97de1980c65f03b79b356f30a43de48682b8bdd90aa5089f0ec1f4",
                "sha256:6f4e5e68b7af950ed7fdb594b3f19a0014a3ace0fedb86acb896e140ffb24302",
                "sha256:71a1ef23f22fa8437974b2d60fedb947c99a957ad625f83f43fd3de70f77f458",
                "sha256:8a44e9901c0555f95ac401377032f6e6af66d8fc1fbfad77a7a8b1a826e0b93c",
                "sha256:b6577f15d5516d7d209c1a8cde23062c0f10625f19e8dc9fb59268859778d7d7",
                "sha256:c8fe2d6ff0ff583784039d0255ea7da076efd08507f2be6f68583b0da32e3afb",
                "sha256:cadfa2c2cf54d35d13dc8d231253b7985b97d629ab9ca6e7d672c35539d38163",
                "sha256:cd1bdace1a8762534e9a36c073cd54e97d517a17d69a17985961265be6d22847",
                "sha256:ddbdcd10eb999d7ab292677f588b658372aadb9a52790f82484a37127a390108",
                "sha256:e7273c64bccfd9310e9601b8f4511d84730239516bada26a0c9846c9697617ef",
                "sha256:e7428977763150b4cf83255625a80a23dfdc94d43be7791ce90799d446b4e26f",
                "sha256:e960e8be509e8d6d618300a6c189555c24efde63e85acaf0b14b2cd1ac743315",
                "sha256:ecb5dd5990cec6e7f5c9c1124a37cb2c710c6d69b0c1a5c4aa4b35eba0ada068",
                "sha256:ef3f5e288aa57b73b034ce9c1f1ac753d968f9069cd0742d1d69c698a0167166",
                "sha256:fa5b2dee0e231fa4ad117be114251bdfe6afe39213bd629d43deb117b6a6c40a",
                "sha256:fa7fb7973c622b9e725bee1db569d2c2ee64d2f9a089201c5e8185d482c7352d"
            ],
            "markers": "python_version >= '2.7' and python_version not in '3.0, 3.1, 3.2, 3.3, 3.4'",
            "version": "==1.5.2"
        },
        "mccabe": {
            "hashes": [
                "sha256:ab8a6258860da4b6677da4bd2fe5dc2c659cff31b3ee4f7f5d64e79735b80d42",
                "sha256:dd8d182285a0fe56bace7f45b5e7d1a6ebcbf524e8f3bd87eb0f125271b8831f"
            ],
            "version": "==0.6.1"
        },
        "packaging": {
            "hashes": [
                "sha256:5b327ac1320dc863dca72f4514ecc086f31186744b84a230374cc1fd776feae5",
                "sha256:67714da7f7bc052e064859c05c595155bd1ee9f69f76557e21f051443c20947a"
            ],
            "markers": "python_version >= '2.7' and python_version not in '3.0, 3.1, 3.2, 3.3'",
            "version": "==20.9"
        },
        "pluggy": {
            "hashes": [
                "sha256:15b2acde666561e1298d71b523007ed7364de07029219b604cf808bfa1c765b0",
                "sha256:966c145cd83c96502c3c3868f50408687b38434af77734af1e9ca461a4081d2d"
            ],
            "markers": "python_version >= '2.7' and python_version not in '3.0, 3.1, 3.2, 3.3'",
            "version": "==0.13.1"
        },
        "powerpi-common-test": {
            "editable": true,
            "path": "./../../common/pytest"
        },
        "py": {
            "hashes": [
                "sha256:21b81bda15b66ef5e1a777a21c4dcd9c20ad3efd0b3f817e7a809035269e1bd3",
                "sha256:3b80836aa6d1feeaa108e046da6423ab8f6ceda6468545ae8d02d9d58d18818a"
            ],
            "markers": "python_version >= '2.7' and python_version not in '3.0, 3.1, 3.2, 3.3'",
            "version": "==1.10.0"
        },
        "pycodestyle": {
            "hashes": [
                "sha256:2295e7b2f6b5bd100585ebcb1f616591b652db8a741695b3d8f5d28bdc934367",
                "sha256:c58a7d2815e0e8d7972bf1803331fb0152f867bd89adf8a01dfd55085434192e"
            ],
            "markers": "python_version >= '2.7' and python_version not in '3.0, 3.1, 3.2, 3.3'",
            "version": "==2.6.0"
        },
        "pylint": {
            "hashes": [
                "sha256:0e21d3b80b96740909d77206d741aa3ce0b06b41be375d92e1f3244a274c1f8a",
                "sha256:d09b0b07ba06bcdff463958f53f23df25e740ecd81895f7d2699ec04bbd8dc3b"
            ],
            "index": "pypi",
            "version": "==2.7.2"
        },
        "pyparsing": {
            "hashes": [
                "sha256:c203ec8783bf771a155b207279b9bccb8dea02d8f0c9e5f8ead507bc3246ecc1",
                "sha256:ef9d7589ef3c200abe66653d3f1ab1033c3c419ae9b9bdb1240a85b024efc88b"
            ],
            "markers": "python_version >= '2.6' and python_version not in '3.0, 3.1, 3.2, 3.3'",
            "version": "==2.4.7"
        },
        "pytest": {
            "hashes": [
                "sha256:9d1edf9e7d0b84d72ea3dbcdfd22b35fb543a5e8f2a60092dd578936bf63d7f9",
                "sha256:b574b57423e818210672e07ca1fa90aaf194a4f63f3ab909a2c67ebb22913839"
            ],
            "markers": "python_version >= '3.6'",
            "version": "==6.2.2"
        },
        "pytest-mock": {
            "hashes": [
                "sha256:379b391cfad22422ea2e252bdfc008edd08509029bcde3c25b2c0bd741e0424e",
                "sha256:a1e2aba6af9560d313c642dae7e00a2a12b022b80301d9d7fc8ec6858e1dd9fc"
            ],
            "markers": "python_version >= '3.5'",
            "version": "==3.5.1"
        },
        "toml": {
            "hashes": [
                "sha256:806143ae5bfb6a3c6e736a764057db0e6a0e05e338b5630894a5f779cabb4f9b",
                "sha256:b3bda1d108d5dd99f4a20d24d9c348e91c4db7ab1b749200bded2f839ccbe68f"
            ],
            "markers": "python_version >= '2.6' and python_version not in '3.0, 3.1, 3.2, 3.3'",
            "version": "==0.10.2"
        },
        "typed-ast": {
            "hashes": [
                "sha256:07d49388d5bf7e863f7fa2f124b1b1d89d8aa0e2f7812faff0a5658c01c59aa1",
                "sha256:14bf1522cdee369e8f5581238edac09150c765ec1cb33615855889cf33dcb92d",
                "sha256:240296b27397e4e37874abb1df2a608a92df85cf3e2a04d0d4d61055c8305ba6",
                "sha256:36d829b31ab67d6fcb30e185ec996e1f72b892255a745d3a82138c97d21ed1cd",
                "sha256:37f48d46d733d57cc70fd5f30572d11ab8ed92da6e6b28e024e4a3edfb456e37",
                "sha256:4c790331247081ea7c632a76d5b2a265e6d325ecd3179d06e9cf8d46d90dd151",
                "sha256:5dcfc2e264bd8a1db8b11a892bd1647154ce03eeba94b461effe68790d8b8e07",
                "sha256:7147e2a76c75f0f64c4319886e7639e490fee87c9d25cb1d4faef1d8cf83a440",
                "sha256:7703620125e4fb79b64aa52427ec192822e9f45d37d4b6625ab37ef403e1df70",
                "sha256:8368f83e93c7156ccd40e49a783a6a6850ca25b556c0fa0240ed0f659d2fe496",
                "sha256:84aa6223d71012c68d577c83f4e7db50d11d6b1399a9c779046d75e24bed74ea",
                "sha256:85f95aa97a35bdb2f2f7d10ec5bbdac0aeb9dafdaf88e17492da0504de2e6400",
                "sha256:8db0e856712f79c45956da0c9a40ca4246abc3485ae0d7ecc86a20f5e4c09abc",
                "sha256:9044ef2df88d7f33692ae3f18d3be63dec69c4fb1b5a4a9ac950f9b4ba571606",
                "sha256:963c80b583b0661918718b095e02303d8078950b26cc00b5e5ea9ababe0de1fc",
                "sha256:987f15737aba2ab5f3928c617ccf1ce412e2e321c77ab16ca5a293e7bbffd581",
                "sha256:9ec45db0c766f196ae629e509f059ff05fc3148f9ffd28f3cfe75d4afb485412",
                "sha256:9fc0b3cb5d1720e7141d103cf4819aea239f7d136acf9ee4a69b047b7986175a",
                "sha256:a2c927c49f2029291fbabd673d51a2180038f8cd5a5b2f290f78c4516be48be2",
                "sha256:a38878a223bdd37c9709d07cd357bb79f4c760b29210e14ad0fb395294583787",
                "sha256:b4fcdcfa302538f70929eb7b392f536a237cbe2ed9cba88e3bf5027b39f5f77f",
                "sha256:c0c74e5579af4b977c8b932f40a5464764b2f86681327410aa028a22d2f54937",
                "sha256:c1c876fd795b36126f773db9cbb393f19808edd2637e00fd6caba0e25f2c7b64",
                "sha256:c9aadc4924d4b5799112837b226160428524a9a45f830e0d0f184b19e4090487",
                "sha256:cc7b98bf58167b7f2db91a4327da24fb93368838eb84a44c472283778fc2446b",
                "sha256:cf54cfa843f297991b7388c281cb3855d911137223c6b6d2dd82a47ae5125a41",
                "sha256:d003156bb6a59cda9050e983441b7fa2487f7800d76bdc065566b7d728b4581a",
                "sha256:d175297e9533d8d37437abc14e8a83cbc68af93cc9c1c59c2c292ec59a0697a3",
                "sha256:d746a437cdbca200622385305aedd9aef68e8a645e385cc483bdc5e488f07166",
                "sha256:e683e409e5c45d5c9082dc1daf13f6374300806240719f95dc783d1fc942af10"
            ],
            "markers": "python_version < '3.8' and implementation_name == 'cpython'",
            "version": "==1.4.2"
        },
        "typing-extensions": {
            "hashes": [
                "sha256:7cb407020f00f7bfc3cb3e7881628838e69d8f3fcab2f64742a5e76b2f841918",
                "sha256:99d4073b617d30288f569d3f13d2bd7548c3a7e4c8de87db09a9d29bb3a4a60c",
                "sha256:dafc7639cde7f1b6e1acc0f457842a83e722ccca8eef5270af2d74792619a89f"
            ],
            "markers": "python_version < '3.8'",
            "version": "==3.7.4.3"
        },
        "wrapt": {
            "hashes": [
                "sha256:b62ffa81fb85f4332a4f609cab4ac40709470da05643a082ec1eb88e6d9b97d7"
            ],
            "version": "==1.12.1"
        },
        "zipp": {
            "hashes": [
                "sha256:3607921face881ba3e026887d8150cca609d517579abe052ac81fc5aeffdbd76",
                "sha256:51cb66cc54621609dd593d1787f286ee42a5c0adbb4b29abea5a63edc3e03098"
            ],
            "markers": "python_version >= '3.6'",
            "version": "==3.4.1"
        }
    }
}
