# This file is automatically @generated by Poetry 2.1.1 and should not be changed by hand.

[[package]]
name = "apscheduler"
version = "3.11.0"
description = "In-process task scheduler with Cron-like capabilities"
optional = false
python-versions = ">=3.8"
groups = ["powerpi"]
files = [
    {file = "APScheduler-3.11.0-py3-none-any.whl", hash = "sha256:fc134ca32e50f5eadcc4938e3a4545ab19131435e851abb40b34d63d5141c6da"},
    {file = "apscheduler-3.11.0.tar.gz", hash = "sha256:4c622d250b0955a65d5d0eb91c33e6d43fd879834bf541e0a18661ae60460133"},
]

[package.dependencies]
tzlocal = ">=3.0"

[package.extras]
doc = ["packaging", "sphinx", "sphinx-rtd-theme (>=1.3.0)"]
etcd = ["etcd3", "protobuf (<=3.21.0)"]
gevent = ["gevent"]
mongodb = ["pymongo (>=3.0)"]
redis = ["redis (>=3.0)"]
rethinkdb = ["rethinkdb (>=2.4.0)"]
sqlalchemy = ["sqlalchemy (>=1.4)"]
test = ["APScheduler[etcd,mongodb,redis,rethinkdb,sqlalchemy,tornado,zookeeper]", "PySide6 ; platform_python_implementation == \"CPython\" and python_version < \"3.14\"", "anyio (>=4.5.2)", "gevent ; python_version < \"3.14\"", "pytest", "pytz", "twisted ; python_version < \"3.14\""]
tornado = ["tornado (>=4.3)"]
twisted = ["twisted"]
zookeeper = ["kazoo"]

[[package]]
name = "colorama"
version = "0.4.6"
description = "Cross-platform colored terminal text."
optional = false
python-versions = "!=3.0.*,!=3.1.*,!=3.2.*,!=3.3.*,!=3.4.*,!=3.5.*,!=3.6.*,>=2.7"
groups = ["test"]
markers = "sys_platform == \"win32\""
files = [
    {file = "colorama-0.4.6-py2.py3-none-any.whl", hash = "sha256:4f1d9991f5acc0ca119f9d443620b77f9d6b33703e51011c16baf57afb285fc6"},
    {file = "colorama-0.4.6.tar.gz", hash = "sha256:08695f5cb7ed6e0531a20572697297273c47b8cae5a63ffc6d6ed5c201be6e44"},
]

[[package]]
name = "coverage"
version = "7.6.12"
description = "Code coverage measurement for Python"
optional = false
python-versions = ">=3.9"
groups = ["test"]
files = [
    {file = "coverage-7.6.12-cp310-cp310-macosx_10_9_x86_64.whl", hash = "sha256:704c8c8c6ce6569286ae9622e534b4f5b9759b6f2cd643f1c1a61f666d534fe8"},
    {file = "coverage-7.6.12-cp310-cp310-macosx_11_0_arm64.whl", hash = "sha256:ad7525bf0241e5502168ae9c643a2f6c219fa0a283001cee4cf23a9b7da75879"},
    {file = "coverage-7.6.12-cp310-cp310-manylinux_2_17_aarch64.manylinux2014_aarch64.whl", hash = "sha256:06097c7abfa611c91edb9e6920264e5be1d6ceb374efb4986f38b09eed4cb2fe"},
    {file = "coverage-7.6.12-cp310-cp310-manylinux_2_5_i686.manylinux1_i686.manylinux_2_17_i686.manylinux2014_i686.whl", hash = "sha256:220fa6c0ad7d9caef57f2c8771918324563ef0d8272c94974717c3909664e674"},
    {file = "coverage-7.6.12-cp310-cp310-manylinux_2_5_x86_64.manylinux1_x86_64.manylinux_2_17_x86_64.manylinux2014_x86_64.whl", hash = "sha256:3688b99604a24492bcfe1c106278c45586eb819bf66a654d8a9a1433022fb2eb"},
    {file = "coverage-7.6.12-cp310-cp310-musllinux_1_2_aarch64.whl", hash = "sha256:d1a987778b9c71da2fc8948e6f2656da6ef68f59298b7e9786849634c35d2c3c"},
    {file = "coverage-7.6.12-cp310-cp310-musllinux_1_2_i686.whl", hash = "sha256:cec6b9ce3bd2b7853d4a4563801292bfee40b030c05a3d29555fd2a8ee9bd68c"},
    {file = "coverage-7.6.12-cp310-cp310-musllinux_1_2_x86_64.whl", hash = "sha256:ace9048de91293e467b44bce0f0381345078389814ff6e18dbac8fdbf896360e"},
    {file = "coverage-7.6.12-cp310-cp310-win32.whl", hash = "sha256:ea31689f05043d520113e0552f039603c4dd71fa4c287b64cb3606140c66f425"},
    {file = "coverage-7.6.12-cp310-cp310-win_amd64.whl", hash = "sha256:676f92141e3c5492d2a1596d52287d0d963df21bf5e55c8b03075a60e1ddf8aa"},
    {file = "coverage-7.6.12-cp311-cp311-macosx_10_9_x86_64.whl", hash = "sha256:e18aafdfb3e9ec0d261c942d35bd7c28d031c5855dadb491d2723ba54f4c3015"},
    {file = "coverage-7.6.12-cp311-cp311-macosx_11_0_arm64.whl", hash = "sha256:66fe626fd7aa5982cdebad23e49e78ef7dbb3e3c2a5960a2b53632f1f703ea45"},
    {file = "coverage-7.6.12-cp311-cp311-manylinux_2_17_aarch64.manylinux2014_aarch64.whl", hash = "sha256:0ef01d70198431719af0b1f5dcbefc557d44a190e749004042927b2a3fed0702"},
    {file = "coverage-7.6.12-cp311-cp311-manylinux_2_5_i686.manylinux1_i686.manylinux_2_17_i686.manylinux2014_i686.whl", hash = "sha256:07e92ae5a289a4bc4c0aae710c0948d3c7892e20fd3588224ebe242039573bf0"},
    {file = "coverage-7.6.12-cp311-cp311-manylinux_2_5_x86_64.manylinux1_x86_64.manylinux_2_17_x86_64.manylinux2014_x86_64.whl", hash = "sha256:e695df2c58ce526eeab11a2e915448d3eb76f75dffe338ea613c1201b33bab2f"},
    {file = "coverage-7.6.12-cp311-cp311-musllinux_1_2_aarch64.whl", hash = "sha256:d74c08e9aaef995f8c4ef6d202dbd219c318450fe2a76da624f2ebb9c8ec5d9f"},
    {file = "coverage-7.6.12-cp311-cp311-musllinux_1_2_i686.whl", hash = "sha256:e995b3b76ccedc27fe4f477b349b7d64597e53a43fc2961db9d3fbace085d69d"},
    {file = "coverage-7.6.12-cp311-cp311-musllinux_1_2_x86_64.whl", hash = "sha256:b1f097878d74fe51e1ddd1be62d8e3682748875b461232cf4b52ddc6e6db0bba"},
    {file = "coverage-7.6.12-cp311-cp311-win32.whl", hash = "sha256:1f7ffa05da41754e20512202c866d0ebfc440bba3b0ed15133070e20bf5aeb5f"},
    {file = "coverage-7.6.12-cp311-cp311-win_amd64.whl", hash = "sha256:e216c5c45f89ef8971373fd1c5d8d1164b81f7f5f06bbf23c37e7908d19e8558"},
    {file = "coverage-7.6.12-cp312-cp312-macosx_10_13_x86_64.whl", hash = "sha256:b172f8e030e8ef247b3104902cc671e20df80163b60a203653150d2fc204d1ad"},
    {file = "coverage-7.6.12-cp312-cp312-macosx_11_0_arm64.whl", hash = "sha256:641dfe0ab73deb7069fb972d4d9725bf11c239c309ce694dd50b1473c0f641c3"},
    {file = "coverage-7.6.12-cp312-cp312-manylinux_2_17_aarch64.manylinux2014_aarch64.whl", hash = "sha256:0e549f54ac5f301e8e04c569dfdb907f7be71b06b88b5063ce9d6953d2d58574"},
    {file = "coverage-7.6.12-cp312-cp312-manylinux_2_5_i686.manylinux1_i686.manylinux_2_17_i686.manylinux2014_i686.whl", hash = "sha256:959244a17184515f8c52dcb65fb662808767c0bd233c1d8a166e7cf74c9ea985"},
    {file = "coverage-7.6.12-cp312-cp312-manylinux_2_5_x86_64.manylinux1_x86_64.manylinux_2_17_x86_64.manylinux2014_x86_64.whl", hash = "sha256:bda1c5f347550c359f841d6614fb8ca42ae5cb0b74d39f8a1e204815ebe25750"},
    {file = "coverage-7.6.12-cp312-cp312-musllinux_1_2_aarch64.whl", hash = "sha256:1ceeb90c3eda1f2d8c4c578c14167dbd8c674ecd7d38e45647543f19839dd6ea"},
    {file = "coverage-7.6.12-cp312-cp312-musllinux_1_2_i686.whl", hash = "sha256:0f16f44025c06792e0fb09571ae454bcc7a3ec75eeb3c36b025eccf501b1a4c3"},
    {file = "coverage-7.6.12-cp312-cp312-musllinux_1_2_x86_64.whl", hash = "sha256:b076e625396e787448d27a411aefff867db2bffac8ed04e8f7056b07024eed5a"},
    {file = "coverage-7.6.12-cp312-cp312-win32.whl", hash = "sha256:00b2086892cf06c7c2d74983c9595dc511acca00665480b3ddff749ec4fb2a95"},
    {file = "coverage-7.6.12-cp312-cp312-win_amd64.whl", hash = "sha256:7ae6eabf519bc7871ce117fb18bf14e0e343eeb96c377667e3e5dd12095e0288"},
    {file = "coverage-7.6.12-cp313-cp313-macosx_10_13_x86_64.whl", hash = "sha256:488c27b3db0ebee97a830e6b5a3ea930c4a6e2c07f27a5e67e1b3532e76b9ef1"},
    {file = "coverage-7.6.12-cp313-cp313-macosx_11_0_arm64.whl", hash = "sha256:5d1095bbee1851269f79fd8e0c9b5544e4c00c0c24965e66d8cba2eb5bb535fd"},
    {file = "coverage-7.6.12-cp313-cp313-manylinux_2_17_aarch64.manylinux2014_aarch64.whl", hash = "sha256:0533adc29adf6a69c1baa88c3d7dbcaadcffa21afbed3ca7a225a440e4744bf9"},
    {file = "coverage-7.6.12-cp313-cp313-manylinux_2_5_i686.manylinux1_i686.manylinux_2_17_i686.manylinux2014_i686.whl", hash = "sha256:53c56358d470fa507a2b6e67a68fd002364d23c83741dbc4c2e0680d80ca227e"},
    {file = "coverage-7.6.12-cp313-cp313-manylinux_2_5_x86_64.manylinux1_x86_64.manylinux_2_17_x86_64.manylinux2014_x86_64.whl", hash = "sha256:64cbb1a3027c79ca6310bf101014614f6e6e18c226474606cf725238cf5bc2d4"},
    {file = "coverage-7.6.12-cp313-cp313-musllinux_1_2_aarch64.whl", hash = "sha256:79cac3390bfa9836bb795be377395f28410811c9066bc4eefd8015258a7578c6"},
    {file = "coverage-7.6.12-cp313-cp313-musllinux_1_2_i686.whl", hash = "sha256:9b148068e881faa26d878ff63e79650e208e95cf1c22bd3f77c3ca7b1d9821a3"},
    {file = "coverage-7.6.12-cp313-cp313-musllinux_1_2_x86_64.whl", hash = "sha256:8bec2ac5da793c2685ce5319ca9bcf4eee683b8a1679051f8e6ec04c4f2fd7dc"},
    {file = "coverage-7.6.12-cp313-cp313-win32.whl", hash = "sha256:200e10beb6ddd7c3ded322a4186313d5ca9e63e33d8fab4faa67ef46d3460af3"},
    {file = "coverage-7.6.12-cp313-cp313-win_amd64.whl", hash = "sha256:2b996819ced9f7dbb812c701485d58f261bef08f9b85304d41219b1496b591ef"},
    {file = "coverage-7.6.12-cp313-cp313t-macosx_10_13_x86_64.whl", hash = "sha256:299cf973a7abff87a30609879c10df0b3bfc33d021e1adabc29138a48888841e"},
    {file = "coverage-7.6.12-cp313-cp313t-macosx_11_0_arm64.whl", hash = "sha256:4b467a8c56974bf06e543e69ad803c6865249d7a5ccf6980457ed2bc50312703"},
    {file = "coverage-7.6.12-cp313-cp313t-manylinux_2_17_aarch64.manylinux2014_aarch64.whl", hash = "sha256:2458f275944db8129f95d91aee32c828a408481ecde3b30af31d552c2ce284a0"},
    {file = "coverage-7.6.12-cp313-cp313t-manylinux_2_5_i686.manylinux1_i686.manylinux_2_17_i686.manylinux2014_i686.whl", hash = "sha256:0a9d8be07fb0832636a0f72b80d2a652fe665e80e720301fb22b191c3434d924"},
    {file = "coverage-7.6.12-cp313-cp313t-manylinux_2_5_x86_64.manylinux1_x86_64.manylinux_2_17_x86_64.manylinux2014_x86_64.whl", hash = "sha256:14d47376a4f445e9743f6c83291e60adb1b127607a3618e3185bbc8091f0467b"},
    {file = "coverage-7.6.12-cp313-cp313t-musllinux_1_2_aarch64.whl", hash = "sha256:b95574d06aa9d2bd6e5cc35a5bbe35696342c96760b69dc4287dbd5abd4ad51d"},
    {file = "coverage-7.6.12-cp313-cp313t-musllinux_1_2_i686.whl", hash = "sha256:ecea0c38c9079570163d663c0433a9af4094a60aafdca491c6a3d248c7432827"},
    {file = "coverage-7.6.12-cp313-cp313t-musllinux_1_2_x86_64.whl", hash = "sha256:2251fabcfee0a55a8578a9d29cecfee5f2de02f11530e7d5c5a05859aa85aee9"},
    {file = "coverage-7.6.12-cp313-cp313t-win32.whl", hash = "sha256:eb5507795caabd9b2ae3f1adc95f67b1104971c22c624bb354232d65c4fc90b3"},
    {file = "coverage-7.6.12-cp313-cp313t-win_amd64.whl", hash = "sha256:f60a297c3987c6c02ffb29effc70eadcbb412fe76947d394a1091a3615948e2f"},
    {file = "coverage-7.6.12-cp39-cp39-macosx_10_9_x86_64.whl", hash = "sha256:e7575ab65ca8399c8c4f9a7d61bbd2d204c8b8e447aab9d355682205c9dd948d"},
    {file = "coverage-7.6.12-cp39-cp39-macosx_11_0_arm64.whl", hash = "sha256:8161d9fbc7e9fe2326de89cd0abb9f3599bccc1287db0aba285cb68d204ce929"},
    {file = "coverage-7.6.12-cp39-cp39-manylinux_2_17_aarch64.manylinux2014_aarch64.whl", hash = "sha256:3a1e465f398c713f1b212400b4e79a09829cd42aebd360362cd89c5bdc44eb87"},
    {file = "coverage-7.6.12-cp39-cp39-manylinux_2_5_i686.manylinux1_i686.manylinux_2_17_i686.manylinux2014_i686.whl", hash = "sha256:f25d8b92a4e31ff1bd873654ec367ae811b3a943583e05432ea29264782dc32c"},
    {file = "coverage-7.6.12-cp39-cp39-manylinux_2_5_x86_64.manylinux1_x86_64.manylinux_2_17_x86_64.manylinux2014_x86_64.whl", hash = "sha256:1a936309a65cc5ca80fa9f20a442ff9e2d06927ec9a4f54bcba9c14c066323f2"},
    {file = "coverage-7.6.12-cp39-cp39-musllinux_1_2_aarch64.whl", hash = "sha256:aa6f302a3a0b5f240ee201297fff0bbfe2fa0d415a94aeb257d8b461032389bd"},
    {file = "coverage-7.6.12-cp39-cp39-musllinux_1_2_i686.whl", hash = "sha256:f973643ef532d4f9be71dd88cf7588936685fdb576d93a79fe9f65bc337d9d73"},
    {file = "coverage-7.6.12-cp39-cp39-musllinux_1_2_x86_64.whl", hash = "sha256:78f5243bb6b1060aed6213d5107744c19f9571ec76d54c99cc15938eb69e0e86"},
    {file = "coverage-7.6.12-cp39-cp39-win32.whl", hash = "sha256:69e62c5034291c845fc4df7f8155e8544178b6c774f97a99e2734b05eb5bed31"},
    {file = "coverage-7.6.12-cp39-cp39-win_amd64.whl", hash = "sha256:b01a840ecc25dce235ae4c1b6a0daefb2a203dba0e6e980637ee9c2f6ee0df57"},
    {file = "coverage-7.6.12-pp39.pp310-none-any.whl", hash = "sha256:7e39e845c4d764208e7b8f6a21c541ade741e2c41afabdfa1caa28687a3c98cf"},
    {file = "coverage-7.6.12-py3-none-any.whl", hash = "sha256:eb8668cfbc279a536c633137deeb9435d2962caec279c3f8cf8b91fff6ff8953"},
    {file = "coverage-7.6.12.tar.gz", hash = "sha256:48cfc4641d95d34766ad41d9573cc0f22a48aa88d22657a1fe01dca0dbae4de2"},
]

[package.extras]
toml = ["tomli ; python_full_version <= \"3.11.0a6\""]

[[package]]
name = "dependency-injector"
version = "4.46.0"
description = "Dependency injection framework for Python"
optional = false
python-versions = ">=3.7"
groups = ["powerpi"]
files = [
    {file = "dependency_injector-4.46.0-cp310-cp310-macosx_11_0_arm64.whl", hash = "sha256:b4f76281e46f64a3ceee193641d26e4db5916f71341204345a7a2d760098938f"},
    {file = "dependency_injector-4.46.0-cp310-cp310-manylinux_2_17_aarch64.manylinux2014_aarch64.whl", hash = "sha256:fece22755cf5e830247c2169b4c43fb6d28a4789ab70adb4f70da22c9a8039ef"},
    {file = "dependency_injector-4.46.0-cp310-cp310-manylinux_2_17_x86_64.manylinux2014_x86_64.whl", hash = "sha256:86692db0c99d5218acada19884554325adb276160c01866a6315c839d2cbb719"},
    {file = "dependency_injector-4.46.0-cp310-cp310-manylinux_2_5_i686.manylinux1_i686.manylinux_2_17_i686.manylinux2014_i686.whl", hash = "sha256:1ccbc18122a3f77e920f5709cb0a4dce6d4667fd884cb0d62c038b5065d77e41"},
    {file = "dependency_injector-4.46.0-cp310-cp310-musllinux_1_2_aarch64.whl", hash = "sha256:c0bca3b5fe7e5743cbe5a24556b019d08a7619838afc0b73468a044574a0d0a8"},
    {file = "dependency_injector-4.46.0-cp310-cp310-musllinux_1_2_i686.whl", hash = "sha256:2b26fcb1f59b4f61dd0bd112b1be5621d170c2c9ac39540f681eb7b0241ae650"},
    {file = "dependency_injector-4.46.0-cp310-cp310-musllinux_1_2_x86_64.whl", hash = "sha256:47445b2720444c8d4b78929417c78b6975bbccf092168bac8479c37ab2047499"},
    {file = "dependency_injector-4.46.0-cp310-cp310-win32.whl", hash = "sha256:78f31ccd691e136bbec8f5eecd3046fabff5a9c9f152965fac0e1ac32175590b"},
    {file = "dependency_injector-4.46.0-cp310-cp310-win_amd64.whl", hash = "sha256:9736b88441831e4afd7e904569a14c611415fc3f41083017ee629c469c1c761d"},
    {file = "dependency_injector-4.46.0-cp311-cp311-macosx_11_0_arm64.whl", hash = "sha256:ece07b8e5545fb474eddf7703f7e189f27afcec27d14d601911aced6bb828c5a"},
    {file = "dependency_injector-4.46.0-cp311-cp311-manylinux_2_17_aarch64.manylinux2014_aarch64.whl", hash = "sha256:0a5c03cdcae214c329b88cd50c0b91098384013a07a6977600db025cd80e0311"},
    {file = "dependency_injector-4.46.0-cp311-cp311-manylinux_2_17_x86_64.manylinux2014_x86_64.whl", hash = "sha256:1781dc7a21726d48da3c5ff00bc8a84aac0bc206bff7c676842773d87018ebe0"},
    {file = "dependency_injector-4.46.0-cp311-cp311-manylinux_2_5_i686.manylinux1_i686.manylinux_2_17_i686.manylinux2014_i686.whl", hash = "sha256:5a5fc167fb296a6502566e7faee39438437a21a8a099903dc15cb1709dce8123"},
    {file = "dependency_injector-4.46.0-cp311-cp311-musllinux_1_2_aarch64.whl", hash = "sha256:2ec104a9664ca633bdc23e13710f11fb2d0e3afbb9fac2460200f9b130d7a316"},
    {file = "dependency_injector-4.46.0-cp311-cp311-musllinux_1_2_i686.whl", hash = "sha256:7407fa315d10bf6fd90deb2e9c631f4a11a9f09a4a862fac6c6962332c6b4c23"},
    {file = "dependency_injector-4.46.0-cp311-cp311-musllinux_1_2_x86_64.whl", hash = "sha256:16d3c026765317f57a85521690f7fbd94ac28594a29a50514fef1f156df0f9fa"},
    {file = "dependency_injector-4.46.0-cp311-cp311-win32.whl", hash = "sha256:935790394b165aacebab998cd0f8a23a0f36af7a065beed1d2fe46f9c734d812"},
    {file = "dependency_injector-4.46.0-cp311-cp311-win_amd64.whl", hash = "sha256:101a6462bed57129c551872aea177bae2ffec94348eaa198f721957f19718b3c"},
    {file = "dependency_injector-4.46.0-cp312-cp312-macosx_11_0_arm64.whl", hash = "sha256:e8aa252a555cb7fc9b22c31821c5c94e5ac57460db57a12ff5cd4e59ff695f83"},
    {file = "dependency_injector-4.46.0-cp312-cp312-manylinux_2_17_aarch64.manylinux2014_aarch64.whl", hash = "sha256:71749472618f82f966f9fafde212ef1b2316bdd7afde4c48cdc6d6f961685793"},
    {file = "dependency_injector-4.46.0-cp312-cp312-manylinux_2_17_x86_64.manylinux2014_x86_64.whl", hash = "sha256:66733ee93317d97a2e1c2ef27da3bacea6d4521fcb441524c7a7a66fe038c071"},
    {file = "dependency_injector-4.46.0-cp312-cp312-manylinux_2_5_i686.manylinux1_i686.manylinux_2_17_i686.manylinux2014_i686.whl", hash = "sha256:155ac135f8a556e087622067edbb1fb04ae0590b08649e0fc366ed7f3e8d7598"},
    {file = "dependency_injector-4.46.0-cp312-cp312-musllinux_1_2_aarch64.whl", hash = "sha256:dd6d39f7464420303e0b6e04df9e81c246dbfc2f7f89b12445bfe26fcf91dcd7"},
    {file = "dependency_injector-4.46.0-cp312-cp312-musllinux_1_2_i686.whl", hash = "sha256:337279da82e39f6e70c9e7bff507bc16ac6e6cf815711708f064f7104a5037af"},
    {file = "dependency_injector-4.46.0-cp312-cp312-musllinux_1_2_x86_64.whl", hash = "sha256:5f37540062a0dea5bee1fb0756022327656af1d21de3b1dd583afdd5293ac6d2"},
    {file = "dependency_injector-4.46.0-cp312-cp312-win32.whl", hash = "sha256:4a4e67a7994b882806030e5257243164b9ddfe24c09210b44fc5b5fca4effaf5"},
    {file = "dependency_injector-4.46.0-cp312-cp312-win_amd64.whl", hash = "sha256:3b24c85ba7a7d5883b91ad8a8150c40f9c2c3335971646fe67ef5ea6045715b1"},
    {file = "dependency_injector-4.46.0-cp313-cp313-macosx_11_0_arm64.whl", hash = "sha256:6e7704d6286f4371dff5db56c124c1eac22922ecac7c9e96ef87a3842c21b9e2"},
    {file = "dependency_injector-4.46.0-cp313-cp313-manylinux_2_17_aarch64.manylinux2014_aarch64.whl", hash = "sha256:3dcc19b41f78a62bb1c566c1885bba34a9228e51b65d993f3ac3b192935c48de"},
    {file = "dependency_injector-4.46.0-cp313-cp313-manylinux_2_17_x86_64.manylinux2014_x86_64.whl", hash = "sha256:4732b68af723a1ce014540b7662cbf53388608600add34b558d32f698504de95"},
    {file = "dependency_injector-4.46.0-cp313-cp313-manylinux_2_5_i686.manylinux1_i686.manylinux_2_17_i686.manylinux2014_i686.whl", hash = "sha256:02be5d2c6309a514b5164c05b8be7357a763bd42c503960d40c346dbf1f47faa"},
    {file = "dependency_injector-4.46.0-cp313-cp313-musllinux_1_2_aarch64.whl", hash = "sha256:538b039bb11ec95edd993a8bf1862166ab299fc0fe44d8cbde37d4b0c2676267"},
    {file = "dependency_injector-4.46.0-cp313-cp313-musllinux_1_2_i686.whl", hash = "sha256:b5302b31ec9327421a4f311d9839f1d639b6419a0dbe3f11af15e2728cb46073"},
    {file = "dependency_injector-4.46.0-cp313-cp313-musllinux_1_2_x86_64.whl", hash = "sha256:a7838e1e1ca35b88ba456484a9c28107197b208144042d2bba6435429dc84c27"},
    {file = "dependency_injector-4.46.0-cp313-cp313-win32.whl", hash = "sha256:e201905263b08e7fa52aac92596be45b76739218c799790d9687e33dd62aed60"},
    {file = "dependency_injector-4.46.0-cp313-cp313-win_amd64.whl", hash = "sha256:360c0ece97c37ddb1742028f7b96081d3331f37dfeb96a5514827fc65ddbead4"},
    {file = "dependency_injector-4.46.0-cp37-cp37m-manylinux_2_17_aarch64.manylinux2014_aarch64.whl", hash = "sha256:d219da92ed5674d3499adad20440e1a45e7ec3a163d3fef2f29fbf1ed0cf35da"},
    {file = "dependency_injector-4.46.0-cp37-cp37m-manylinux_2_17_x86_64.manylinux2014_x86_64.whl", hash = "sha256:aa7bc678532f2dd09d58750a903097f649e879e6d60952aef1f21d40e26f48bd"},
    {file = "dependency_injector-4.46.0-cp37-cp37m-manylinux_2_5_i686.manylinux1_i686.manylinux_2_17_i686.manylinux2014_i686.whl", hash = "sha256:921903c779187df906d6cdab313565c26bb440776e83e8f3ec61747da69cf0a5"},
    {file = "dependency_injector-4.46.0-cp37-cp37m-musllinux_1_2_aarch64.whl", hash = "sha256:70f40c18c8214bf967e0b90a4bffd7d0092134c75c98751e4eb4d782dc503a43"},
    {file = "dependency_injector-4.46.0-cp37-cp37m-musllinux_1_2_i686.whl", hash = "sha256:3c601bac21b09e8d3d21d78e7d218a80d70b76c824ce573c0a038a97b7755de6"},
    {file = "dependency_injector-4.46.0-cp37-cp37m-musllinux_1_2_x86_64.whl", hash = "sha256:41f52156e246f80202c6d4744f1a9ef749c41d93567773f84b1ce7f3ec8aae2c"},
    {file = "dependency_injector-4.46.0-cp37-cp37m-win32.whl", hash = "sha256:2b1ad9a521d7749784705ddf2001d5e12c1bf846f7e9625cf43753de13307994"},
    {file = "dependency_injector-4.46.0-cp37-cp37m-win_amd64.whl", hash = "sha256:87c9c7e8e5f1d8cbe5d81cf43377a4c0c6e147e1f130bfd3ede0ac35676da959"},
    {file = "dependency_injector-4.46.0-cp38-cp38-macosx_11_0_arm64.whl", hash = "sha256:dd16992f7722475da2463b7714aeec69b73d34739fc8f0f50241fb5e3246a6ca"},
    {file = "dependency_injector-4.46.0-cp38-cp38-manylinux_2_17_aarch64.manylinux2014_aarch64.whl", hash = "sha256:39b38bdcb93f179a062a5516f76af693a958954ebb23a2dc82d68e1aa2954c5c"},
    {file = "dependency_injector-4.46.0-cp38-cp38-manylinux_2_17_x86_64.manylinux2014_x86_64.whl", hash = "sha256:a8fa58596a9a0b0229fb359a2eb27a16457cb1f6b7ec5454f35aff15fd019d65"},
    {file = "dependency_injector-4.46.0-cp38-cp38-manylinux_2_5_i686.manylinux1_i686.manylinux_2_17_i686.manylinux2014_i686.whl", hash = "sha256:0054281f382fbb56afa7d00d18538de7556c2e92ce1f02ee33f0c7d58dd78e69"},
    {file = "dependency_injector-4.46.0-cp38-cp38-musllinux_1_2_aarch64.whl", hash = "sha256:a3f4452fe83f2ff81b1dc80d8365f9ce6009a4c9ee97fa01634ed10d03b51fd4"},
    {file = "dependency_injector-4.46.0-cp38-cp38-musllinux_1_2_i686.whl", hash = "sha256:91c1f0a7718741fa6554fca38fd9e4410f4e18a4e16656a2f300cc9a011b32ea"},
    {file = "dependency_injector-4.46.0-cp38-cp38-musllinux_1_2_x86_64.whl", hash = "sha256:8da654adfd808662f0124bbd23bce4fdc5a5da8528d9f0e8eb47e7dfd2da566c"},
    {file = "dependency_injector-4.46.0-cp38-cp38-win32.whl", hash = "sha256:76e53b6a9abfae2c469c673acb8109a3e473fe9ff5d62c90bb7399623665b9fd"},
    {file = "dependency_injector-4.46.0-cp38-cp38-win_amd64.whl", hash = "sha256:4012ace93ed2aa0e2b036e4dd4a1f226f82cb9ef0e89a1c681202115a2f029f2"},
    {file = "dependency_injector-4.46.0-cp39-cp39-macosx_11_0_arm64.whl", hash = "sha256:508d0eec2852f2b3aa0b1bbbff7c67f24708303ea5f2f22b2bbaf368101329ab"},
    {file = "dependency_injector-4.46.0-cp39-cp39-manylinux_2_17_aarch64.manylinux2014_aarch64.whl", hash = "sha256:36da9bf196376f8211fad1824709b44bc2b52979e45e0c4df300487d813bb8e3"},
    {file = "dependency_injector-4.46.0-cp39-cp39-manylinux_2_17_x86_64.manylinux2014_x86_64.whl", hash = "sha256:4115b73c30dbd02ad331b06230da0309f041b77d2250fe964c13ff24e5c34831"},
    {file = "dependency_injector-4.46.0-cp39-cp39-manylinux_2_5_i686.manylinux1_i686.manylinux_2_17_i686.manylinux2014_i686.whl", hash = "sha256:c4c7ed0b52544f8743dde1a174d4336bf1e5bf9e5094ab3dc165626aaf800900"},
    {file = "dependency_injector-4.46.0-cp39-cp39-musllinux_1_2_aarch64.whl", hash = "sha256:cfba20e3625be2f3ac4740201cc0572deb025519d7d0005154b50b775e4d1cee"},
    {file = "dependency_injector-4.46.0-cp39-cp39-musllinux_1_2_i686.whl", hash = "sha256:282be89e0aba01966eaeb813c99d9f732fdae6b93c8e2751d8fab97926367ee3"},
    {file = "dependency_injector-4.46.0-cp39-cp39-musllinux_1_2_x86_64.whl", hash = "sha256:14637add447ef316b104b62e89005b02fff7605ca87ff38d0d97180ef312171d"},
    {file = "dependency_injector-4.46.0-cp39-cp39-win32.whl", hash = "sha256:19c93ef17fac94e5087a942400c917a3537a2517200d7075c58b7e76b97a709e"},
    {file = "dependency_injector-4.46.0-cp39-cp39-win_amd64.whl", hash = "sha256:fb82dedebb78944cb478d46fe2623c6410cffe2d609823ccb0249ecc9b443db9"},
    {file = "dependency_injector-4.46.0-pp310-pypy310_pp73-macosx_11_0_arm64.whl", hash = "sha256:25c86af02d74e160317143f563544d36e0bf8dbf6f622730b8376b89a3679b94"},
    {file = "dependency_injector-4.46.0-pp310-pypy310_pp73-manylinux_2_17_aarch64.manylinux2014_aarch64.whl", hash = "sha256:58c4470feb0a5b13cfe7eb935b5a0d32443a1fa34c4387a1104bd333ff4a604b"},
    {file = "dependency_injector-4.46.0-pp310-pypy310_pp73-manylinux_2_5_i686.manylinux1_i686.manylinux_2_17_i686.manylinux2014_i686.whl", hash = "sha256:c37cd4365dd22e059dea94bb3ff428f6bd21d413f3cf636c21cf96134e3e3149"},
    {file = "dependency_injector-4.46.0-pp310-pypy310_pp73-manylinux_2_5_x86_64.manylinux1_x86_64.manylinux_2_17_x86_64.manylinux2014_x86_64.whl", hash = "sha256:6700af6573d16d726da14daaa4eef37fc09c1fab904100f87be2a23c01e67b6f"},
    {file = "dependency_injector-4.46.0-pp310-pypy310_pp73-win_amd64.whl", hash = "sha256:bcb7af077f439d8e9c4fe45d5cdb19169b7d42dd165040dc92a4c209fc9193e9"},
    {file = "dependency_injector-4.46.0-pp37-pypy37_pp73-manylinux_2_17_aarch64.manylinux2014_aarch64.whl", hash = "sha256:5e29181e38275faece0f4c0456151b4a8c598e87715424f5e04cad988fb08d0a"},
    {file = "dependency_injector-4.46.0-pp37-pypy37_pp73-manylinux_2_5_i686.manylinux1_i686.manylinux_2_17_i686.manylinux2014_i686.whl", hash = "sha256:32c3af8bc520e72900742975c48d60f3cbc9d6ac5d37996f76d32fc3c42043e8"},
    {file = "dependency_injector-4.46.0-pp37-pypy37_pp73-manylinux_2_5_x86_64.manylinux1_x86_64.manylinux_2_17_x86_64.manylinux2014_x86_64.whl", hash = "sha256:95b6d858d587b62b7713c5169754326dadb61d0aed7ce3bc8efae55451ada38a"},
    {file = "dependency_injector-4.46.0-pp37-pypy37_pp73-win_amd64.whl", hash = "sha256:e47dce37af6760bb901ba70d1502ddb679f28ed2f1d907c5da04e8bdb09aff1d"},
    {file = "dependency_injector-4.46.0-pp38-pypy38_pp73-macosx_11_0_arm64.whl", hash = "sha256:5836f5eee3bb68f07e5dd419e0cfb2a13095063ca9f403781f9e60377559b9c7"},
    {file = "dependency_injector-4.46.0-pp38-pypy38_pp73-manylinux_2_17_aarch64.manylinux2014_aarch64.whl", hash = "sha256:662d0a68fec342e19e75faccccb46915f43584e989088607b4ae87ada178f32b"},
    {file = "dependency_injector-4.46.0-pp38-pypy38_pp73-manylinux_2_5_i686.manylinux1_i686.manylinux_2_17_i686.manylinux2014_i686.whl", hash = "sha256:9993cfdf7b18c749e7bd4c77f40029700c608fb6d6ac8205cff4537c6f22be6c"},
    {file = "dependency_injector-4.46.0-pp38-pypy38_pp73-manylinux_2_5_x86_64.manylinux1_x86_64.manylinux_2_17_x86_64.manylinux2014_x86_64.whl", hash = "sha256:931c8b106e5c587b4310dc61afeb928d55ca724428dd355be19d66b4c27b09e2"},
    {file = "dependency_injector-4.46.0-pp38-pypy38_pp73-win_amd64.whl", hash = "sha256:f8c307c06f4e0921cf8f4df6a86a3e5bb24abf0cc3dfae3b430f968f11bc8345"},
    {file = "dependency_injector-4.46.0-pp39-pypy39_pp73-macosx_11_0_arm64.whl", hash = "sha256:816daa1949157746f72427ff1bdf2875b8512a7184398f0ad3c1b99b110f3936"},
    {file = "dependency_injector-4.46.0-pp39-pypy39_pp73-manylinux_2_17_aarch64.manylinux2014_aarch64.whl", hash = "sha256:6a7918819d0bc2e77d89bf1032aa143af3e4b31934f13de10b2e22a868027383"},
    {file = "dependency_injector-4.46.0-pp39-pypy39_pp73-manylinux_2_5_i686.manylinux1_i686.manylinux_2_17_i686.manylinux2014_i686.whl", hash = "sha256:5d6d297f7b0cab76bc1a215ec04241c6e4890a6bb5b2fb990dbe33991fb7ecd9"},
    {file = "dependency_injector-4.46.0-pp39-pypy39_pp73-manylinux_2_5_x86_64.manylinux1_x86_64.manylinux_2_17_x86_64.manylinux2014_x86_64.whl", hash = "sha256:2a3bdf57c786e1a09c0ec34c3200b62a7feab36b7a13f0d3747b637d68f88aac"},
    {file = "dependency_injector-4.46.0-pp39-pypy39_pp73-win_amd64.whl", hash = "sha256:0f9dfdb15590289193623c1d4c763fb26768f61b3f729192480f85da27e6d0f5"},
    {file = "dependency_injector-4.46.0.tar.gz", hash = "sha256:14da7974b0a749e4f7616247e8adcbaf86556989084958b08f66e782e8e14edf"},
]

[package.extras]
aiohttp = ["aiohttp"]
flask = ["flask"]
pydantic = ["pydantic"]
pydantic2 = ["pydantic-settings"]
yaml = ["pyyaml"]

[[package]]
name = "gmqtt"
version = "0.7.0"
description = "Client for MQTT protocol"
optional = false
python-versions = ">=3.5"
groups = ["powerpi"]
files = [
    {file = "gmqtt-0.7.0-py3-none-any.whl", hash = "sha256:3e5571a20e9c115d83d600caa228b06f716087653e241035e29cec73277b52cc"},
    {file = "gmqtt-0.7.0.tar.gz", hash = "sha256:bedfec7bac26b6b4ce1f0c4c32cff3d663526a54c882d323d41560fc3b9b44a2"},
]

[package.extras]
test = ["atomicwrites (>=1.3.0)", "attrs (>=19.1.0)", "codecov (>=2.0.15)", "coverage (>=4.5.3)", "more-itertools (>=7.0.0)", "pluggy (>=0.11.0)", "py (>=1.8.0)", "pytest (>=5.4.0)", "pytest-asyncio (>=0.12.0)", "pytest-cov (>=2.7.1)", "six (>=1.12.0)", "uvloop (>=0.14.0)"]

[[package]]
name = "iniconfig"
version = "2.0.0"
description = "brain-dead simple config-ini parsing"
optional = false
python-versions = ">=3.7"
groups = ["test"]
files = [
    {file = "iniconfig-2.0.0-py3-none-any.whl", hash = "sha256:b6a85871a79d2e3b22d2d1b94ac2824226a63c6b741c88f7ae975f18b6778374"},
    {file = "iniconfig-2.0.0.tar.gz", hash = "sha256:2d91e135bf72d31a410b17c16da610a82cb55f6b0477d1a902134b24a455b8b3"},
]

[[package]]
name = "jsonpatch"
version = "1.33"
description = "Apply JSON-Patches (RFC 6902)"
optional = false
python-versions = ">=2.7, !=3.0.*, !=3.1.*, !=3.2.*, !=3.3.*, !=3.4.*, !=3.5.*, !=3.6.*"
groups = ["main"]
files = [
    {file = "jsonpatch-1.33-py2.py3-none-any.whl", hash = "sha256:0ae28c0cd062bbd8b8ecc26d7d164fbbea9652a1a3693f3b956c1eae5145dade"},
    {file = "jsonpatch-1.33.tar.gz", hash = "sha256:9fcd4009c41e6d12348b4a0ff2563ba56a2923a7dfee731d004e212e1ee5030c"},
]

[package.dependencies]
jsonpointer = ">=1.9"

[[package]]
name = "jsonpointer"
version = "2.4"
description = "Identify specific nodes in a JSON document (RFC 6901)"
optional = false
python-versions = ">=2.7, !=3.0.*, !=3.1.*, !=3.2.*, !=3.3.*, !=3.4.*, !=3.5.*, !=3.6.*"
groups = ["main"]
files = [
    {file = "jsonpointer-2.4-py2.py3-none-any.whl", hash = "sha256:15d51bba20eea3165644553647711d150376234112651b4f1811022aecad7d7a"},
    {file = "jsonpointer-2.4.tar.gz", hash = "sha256:585cee82b70211fa9e6043b7bb89db6e1aa49524340dde8ad6b63206ea689d88"},
]

[[package]]
name = "packaging"
version = "24.0"
description = "Core utilities for Python packages"
optional = false
python-versions = ">=3.7"
groups = ["test"]
files = [
    {file = "packaging-24.0-py3-none-any.whl", hash = "sha256:2ddfb553fdf02fb784c234c7ba6ccc288296ceabec964ad2eae3777778130bc5"},
    {file = "packaging-24.0.tar.gz", hash = "sha256:eb82c5e3e56209074766e6885bb04b8c38a0c015d0a30036ebe7ece34c9989e9"},
]

[[package]]
name = "pluggy"
version = "1.5.0"
description = "plugin and hook calling mechanisms for python"
optional = false
python-versions = ">=3.8"
groups = ["test"]
files = [
    {file = "pluggy-1.5.0-py3-none-any.whl", hash = "sha256:44e1ad92c8ca002de6377e165f3e0f1be63266ab4d554740532335b9d75ea669"},
    {file = "pluggy-1.5.0.tar.gz", hash = "sha256:2cffa88e94fdc978c4c574f15f9e59b7f4201d439195c3715ca9e2486f1d0cf1"},
]

[package.extras]
dev = ["pre-commit", "tox"]
testing = ["pytest", "pytest-benchmark"]

[[package]]
name = "powerpi-common"
version = "0.7.4"
description = "PowerPi Common Python Library"
optional = false
python-versions = ">=3.11"
groups = ["powerpi"]
files = []
develop = true

[package.dependencies]
apscheduler = "3.11.0"
dependency-injector = ">=4.46.0,<4.47.0"
gmqtt = ">=0.7.0,<0.8.0"
toml = ">=0.10.2,<0.11.0"

[package.source]
type = "directory"
url = "../../common/python"

[[package]]
name = "powerpi-common-test"
version = "0.6.1"
description = "PowerPi Common Python Test Library"
optional = false
python-versions = ">=3.11"
groups = ["test"]
files = []
develop = true

[package.dependencies]
pytest = ">=8.3.4,<8.4.0"
pytest-asyncio = ">=0.25.3,<0.26.0"
pytest-cov = ">=6.0.0,<6.1.0"
pytest-mock = ">=3.14.0,<3.15.0"

[package.source]
type = "directory"
url = "../../common/pytest"

[[package]]
name = "pytest"
version = "8.3.4"
description = "pytest: simple powerful testing with Python"
optional = false
python-versions = ">=3.8"
groups = ["test"]
files = [
    {file = "pytest-8.3.4-py3-none-any.whl", hash = "sha256:50e16d954148559c9a74109af1eaf0c945ba2d8f30f0a3d3335edde19788b6f6"},
    {file = "pytest-8.3.4.tar.gz", hash = "sha256:965370d062bce11e73868e0335abac31b4d3de0e82f4007408d242b4f8610761"},
]

[package.dependencies]
colorama = {version = "*", markers = "sys_platform == \"win32\""}
iniconfig = "*"
packaging = "*"
pluggy = ">=1.5,<2"

[package.extras]
dev = ["argcomplete", "attrs (>=19.2)", "hypothesis (>=3.56)", "mock", "pygments (>=2.7.2)", "requests", "setuptools", "xmlschema"]

[[package]]
name = "pytest-asyncio"
version = "0.25.3"
description = "Pytest support for asyncio"
optional = false
python-versions = ">=3.9"
groups = ["test"]
files = [
    {file = "pytest_asyncio-0.25.3-py3-none-any.whl", hash = "sha256:9e89518e0f9bd08928f97a3482fdc4e244df17529460bc038291ccaf8f85c7c3"},
    {file = "pytest_asyncio-0.25.3.tar.gz", hash = "sha256:fc1da2cf9f125ada7e710b4ddad05518d4cee187ae9412e9ac9271003497f07a"},
]

[package.dependencies]
pytest = ">=8.2,<9"

[package.extras]
docs = ["sphinx (>=5.3)", "sphinx-rtd-theme (>=1)"]
testing = ["coverage (>=6.2)", "hypothesis (>=5.7.1)"]

[[package]]
name = "pytest-cov"
version = "6.0.0"
description = "Pytest plugin for measuring coverage."
optional = false
python-versions = ">=3.9"
groups = ["test"]
files = [
    {file = "pytest-cov-6.0.0.tar.gz", hash = "sha256:fde0b595ca248bb8e2d76f020b465f3b107c9632e6a1d1705f17834c89dcadc0"},
    {file = "pytest_cov-6.0.0-py3-none-any.whl", hash = "sha256:eee6f1b9e61008bd34975a4d5bab25801eb31898b032dd55addc93e96fcaaa35"},
]

[package.dependencies]
coverage = {version = ">=7.5", extras = ["toml"]}
pytest = ">=4.6"

[package.extras]
testing = ["fields", "hunter", "process-tests", "pytest-xdist", "virtualenv"]

[[package]]
name = "pytest-mock"
version = "3.14.0"
description = "Thin-wrapper around the mock package for easier use with pytest"
optional = false
python-versions = ">=3.8"
groups = ["test"]
files = [
    {file = "pytest-mock-3.14.0.tar.gz", hash = "sha256:2719255a1efeceadbc056d6bf3df3d1c5015530fb40cf347c0f9afac88410bd0"},
    {file = "pytest_mock-3.14.0-py3-none-any.whl", hash = "sha256:0b72c38033392a5f4621342fe11e9219ac11ec9d375f8e2a0c164539e0d70f6f"},
]

[package.dependencies]
pytest = ">=6.2.5"

[package.extras]
dev = ["pre-commit", "pytest-asyncio", "tox"]

[[package]]
name = "toml"
version = "0.10.2"
description = "Python Library for Tom's Obvious, Minimal Language"
optional = false
python-versions = ">=2.6, !=3.0.*, !=3.1.*, !=3.2.*"
groups = ["powerpi"]
files = [
    {file = "toml-0.10.2-py2.py3-none-any.whl", hash = "sha256:806143ae5bfb6a3c6e736a764057db0e6a0e05e338b5630894a5f779cabb4f9b"},
    {file = "toml-0.10.2.tar.gz", hash = "sha256:b3bda1d108d5dd99f4a20d24d9c348e91c4db7ab1b749200bded2f839ccbe68f"},
]

[[package]]
name = "tzdata"
version = "2024.1"
description = "Provider of IANA time zone data"
optional = false
python-versions = ">=2"
groups = ["powerpi"]
markers = "platform_system == \"Windows\""
files = [
    {file = "tzdata-2024.1-py2.py3-none-any.whl", hash = "sha256:9068bc196136463f5245e51efda838afa15aaeca9903f49050dfa2679db4d252"},
    {file = "tzdata-2024.1.tar.gz", hash = "sha256:2674120f8d891909751c38abcdfd386ac0a5a1127954fbc332af6b5ceae07efd"},
]

[[package]]
name = "tzlocal"
version = "5.2"
description = "tzinfo object for the local timezone"
optional = false
python-versions = ">=3.8"
groups = ["powerpi"]
files = [
    {file = "tzlocal-5.2-py3-none-any.whl", hash = "sha256:49816ef2fe65ea8ac19d19aa7a1ae0551c834303d5014c6d5a62e4cbda8047b8"},
    {file = "tzlocal-5.2.tar.gz", hash = "sha256:8d399205578f1a9342816409cc1e46a93ebd5755e39ea2d85334bea911bf0e6e"},
]

[package.dependencies]
tzdata = {version = "*", markers = "platform_system == \"Windows\""}

[package.extras]
devenv = ["check-manifest", "pytest (>=4.3)", "pytest-cov", "pytest-mock (>=3.3)", "zest.releaser"]

[metadata]
lock-version = "2.1"
python-versions = ">=3.11"
content-hash = "12eb26782939bbcb97a22ff9967036f18e3ce38e067f732ee25057aaec528c49"
